// !$*UTF8*$!
{
	archiveVersion = 1;
	classes = {
	};
	objectVersion = 46;
	objects = {

/* Begin PBXBuildFile section */
		B00921761DF51648002C0B6C /* AdlibSampleController.m in Sources */ = {isa = PBXBuildFile; fileRef = B00921731DF51648002C0B6C /* AdlibSampleController.m */; };
		B00921771DF51648002C0B6C /* MediationSampleController.m in Sources */ = {isa = PBXBuildFile; fileRef = B00921751DF51648002C0B6C /* MediationSampleController.m */; };
		B00921931DF5170C002C0B6C /* ADIconAdController.m in Sources */ = {isa = PBXBuildFile; fileRef = B009217A1DF5170C002C0B6C /* ADIconAdController.m */; };
		B00921941DF5170C002C0B6C /* sample_list.json in Resources */ = {isa = PBXBuildFile; fileRef = B009217D1DF5170C002C0B6C /* sample_list.json */; };
		B00921951DF5170C002C0B6C /* sample_song.json in Resources */ = {isa = PBXBuildFile; fileRef = B009217E1DF5170C002C0B6C /* sample_song.json */; };
		B00921961DF5170C002C0B6C /* SampleFeedItem.m in Sources */ = {isa = PBXBuildFile; fileRef = B00921801DF5170C002C0B6C /* SampleFeedItem.m */; };
		B047E0371E5D60C600C362EA /* Adlib.framework in Frameworks */ = {isa = PBXBuildFile; fileRef = B047E0361E5D60C600C362EA /* Adlib.framework */; };
		B075DD4D1E5ACB1F0097971A /* Adlib.bundle in Resources */ = {isa = PBXBuildFile; fileRef = B075DD4C1E5ACB1F0097971A /* Adlib.bundle */; };
		B075DD781E5AEFA00097971A /* ALSampleAdCollectionViewCell.m in Sources */ = {isa = PBXBuildFile; fileRef = B075DD5D1E5AEFA00097971A /* ALSampleAdCollectionViewCell.m */; };
		B075DD791E5AEFA00097971A /* ALSampleAdCollectionViewCell.xib in Resources */ = {isa = PBXBuildFile; fileRef = B075DD5E1E5AEFA00097971A /* ALSampleAdCollectionViewCell.xib */; };
		B075DD7A1E5AEFA00097971A /* CollectionViewController.m in Sources */ = {isa = PBXBuildFile; fileRef = B075DD601E5AEFA00097971A /* CollectionViewController.m */; };
		B075DD7B1E5AEFA00097971A /* SampleCollectionViewCell.m in Sources */ = {isa = PBXBuildFile; fileRef = B075DD621E5AEFA00097971A /* SampleCollectionViewCell.m */; };
		B075DD7C1E5AEFA00097971A /* ALExampleMusicAdCell.m in Sources */ = {isa = PBXBuildFile; fileRef = B075DD651E5AEFA00097971A /* ALExampleMusicAdCell.m */; };
		B075DD7D1E5AEFA00097971A /* ALExampleMusicAdCell.xib in Resources */ = {isa = PBXBuildFile; fileRef = B075DD661E5AEFA00097971A /* ALExampleMusicAdCell.xib */; };
		B075DD7E1E5AEFA00097971A /* SongListTableViewCell.m in Sources */ = {isa = PBXBuildFile; fileRef = B075DD681E5AEFA00097971A /* SongListTableViewCell.m */; };
		B075DD7F1E5AEFA00097971A /* SongListTableViewController.m in Sources */ = {isa = PBXBuildFile; fileRef = B075DD6A1E5AEFA00097971A /* SongListTableViewController.m */; };
		B075DD801E5AEFA00097971A /* ALExampleSimpleFeedAdCell.m in Sources */ = {isa = PBXBuildFile; fileRef = B075DD6D1E5AEFA00097971A /* ALExampleSimpleFeedAdCell.m */; };
		B075DD811E5AEFA00097971A /* ALExampleSimpleFeedAdCell.xib in Resources */ = {isa = PBXBuildFile; fileRef = B075DD6E1E5AEFA00097971A /* ALExampleSimpleFeedAdCell.xib */; };
		B075DD821E5AEFA00097971A /* SimpleFeedListTableViewCell.m in Sources */ = {isa = PBXBuildFile; fileRef = B075DD701E5AEFA00097971A /* SimpleFeedListTableViewCell.m */; };
		B075DD831E5AEFA00097971A /* SimpleFeedListTableViewCell.xib in Resources */ = {isa = PBXBuildFile; fileRef = B075DD711E5AEFA00097971A /* SimpleFeedListTableViewCell.xib */; };
		B075DD841E5AEFA00097971A /* SimpleFeedListTableViewController.m in Sources */ = {isa = PBXBuildFile; fileRef = B075DD731E5AEFA00097971A /* SimpleFeedListTableViewController.m */; };
		B075DD851E5AEFA00097971A /* ALNativeViewSample.xib in Resources */ = {isa = PBXBuildFile; fileRef = B075DD751E5AEFA00097971A /* ALNativeViewSample.xib */; };
		B075DD861E5AEFA00097971A /* ViewTypeController.m in Sources */ = {isa = PBXBuildFile; fileRef = B075DD771E5AEFA00097971A /* ViewTypeController.m */; };
		B0ED41E91D6429D900D4774E /* main.m in Sources */ = {isa = PBXBuildFile; fileRef = B0ED41E81D6429D900D4774E /* main.m */; };
		B0ED41EC1D6429D900D4774E /* AppDelegate.m in Sources */ = {isa = PBXBuildFile; fileRef = B0ED41EB1D6429D900D4774E /* AppDelegate.m */; };
		B0ED41F21D6429D900D4774E /* Main.storyboard in Resources */ = {isa = PBXBuildFile; fileRef = B0ED41F01D6429D900D4774E /* Main.storyboard */; };
		B0ED41F41D6429D900D4774E /* Assets.xcassets in Resources */ = {isa = PBXBuildFile; fileRef = B0ED41F31D6429D900D4774E /* Assets.xcassets */; };
		B0ED41F71D6429D900D4774E /* LaunchScreen.storyboard in Resources */ = {isa = PBXBuildFile; fileRef = B0ED41F51D6429D900D4774E /* LaunchScreen.storyboard */; };
		B0ED42191D64349E00D4774E /* _TriDCommon.lua in Resources */ = {isa = PBXBuildFile; fileRef = B0ED42101D64349D00D4774E /* _TriDCommon.lua */; };
		B0ED421A1D64349E00D4774E /* _TriDDynamicData.lua in Resources */ = {isa = PBXBuildFile; fileRef = B0ED42111D64349D00D4774E /* _TriDDynamicData.lua */; };
		B0ED421B1D64349E00D4774E /* _TriDStartup.lua in Resources */ = {isa = PBXBuildFile; fileRef = B0ED42121D64349D00D4774E /* _TriDStartup.lua */; };
		B0ED421C1D64349E00D4774E /* json.lua in Resources */ = {isa = PBXBuildFile; fileRef = B0ED42131D64349D00D4774E /* json.lua */; };
		B0ED422C1D643E5E00D4774E /* libstdc++.6.0.9.tbd in Frameworks */ = {isa = PBXBuildFile; fileRef = B0ED422B1D643E5E00D4774E /* libstdc++.6.0.9.tbd */; };
		B0ED422E1D643E7400D4774E /* libxml2.2.tbd in Frameworks */ = {isa = PBXBuildFile; fileRef = B0ED422D1D643E7400D4774E /* libxml2.2.tbd */; };
/* End PBXBuildFile section */

/* Begin PBXFileReference section */
		B00921721DF51648002C0B6C /* AdlibSampleController.h */ = {isa = PBXFileReference; fileEncoding = 4; lastKnownFileType = sourcecode.c.h; path = AdlibSampleController.h; sourceTree = "<group>"; };
		B00921731DF51648002C0B6C /* AdlibSampleController.m */ = {isa = PBXFileReference; fileEncoding = 4; lastKnownFileType = sourcecode.c.objc; path = AdlibSampleController.m; sourceTree = "<group>"; };
		B00921741DF51648002C0B6C /* MediationSampleController.h */ = {isa = PBXFileReference; fileEncoding = 4; lastKnownFileType = sourcecode.c.h; path = MediationSampleController.h; sourceTree = "<group>"; };
		B00921751DF51648002C0B6C /* MediationSampleController.m */ = {isa = PBXFileReference; fileEncoding = 4; lastKnownFileType = sourcecode.c.objc; path = MediationSampleController.m; sourceTree = "<group>"; };
		B00921791DF5170C002C0B6C /* ADIconAdController.h */ = {isa = PBXFileReference; fileEncoding = 4; lastKnownFileType = sourcecode.c.h; path = ADIconAdController.h; sourceTree = "<group>"; };
		B009217A1DF5170C002C0B6C /* ADIconAdController.m */ = {isa = PBXFileReference; fileEncoding = 4; lastKnownFileType = sourcecode.c.objc; path = ADIconAdController.m; sourceTree = "<group>"; };
		B009217D1DF5170C002C0B6C /* sample_list.json */ = {isa = PBXFileReference; fileEncoding = 4; lastKnownFileType = text.json; path = sample_list.json; sourceTree = "<group>"; };
		B009217E1DF5170C002C0B6C /* sample_song.json */ = {isa = PBXFileReference; fileEncoding = 4; lastKnownFileType = text.json; path = sample_song.json; sourceTree = "<group>"; };
		B009217F1DF5170C002C0B6C /* SampleFeedItem.h */ = {isa = PBXFileReference; fileEncoding = 4; lastKnownFileType = sourcecode.c.h; path = SampleFeedItem.h; sourceTree = "<group>"; };
		B00921801DF5170C002C0B6C /* SampleFeedItem.m */ = {isa = PBXFileReference; fileEncoding = 4; lastKnownFileType = sourcecode.c.objc; path = SampleFeedItem.m; sourceTree = "<group>"; };
		B047E0361E5D60C600C362EA /* Adlib.framework */ = {isa = PBXFileReference; lastKnownFileType = wrapper.framework; path = Adlib.framework; sourceTree = "<group>"; };
		B075DD4C1E5ACB1F0097971A /* Adlib.bundle */ = {isa = PBXFileReference; lastKnownFileType = "wrapper.plug-in"; path = Adlib.bundle; sourceTree = "<group>"; };
		B075DD5C1E5AEFA00097971A /* ALSampleAdCollectionViewCell.h */ = {isa = PBXFileReference; fileEncoding = 4; lastKnownFileType = sourcecode.c.h; path = ALSampleAdCollectionViewCell.h; sourceTree = "<group>"; };
		B075DD5D1E5AEFA00097971A /* ALSampleAdCollectionViewCell.m */ = {isa = PBXFileReference; fileEncoding = 4; lastKnownFileType = sourcecode.c.objc; path = ALSampleAdCollectionViewCell.m; sourceTree = "<group>"; };
		B075DD5E1E5AEFA00097971A /* ALSampleAdCollectionViewCell.xib */ = {isa = PBXFileReference; fileEncoding = 4; lastKnownFileType = file.xib; path = ALSampleAdCollectionViewCell.xib; sourceTree = "<group>"; };
		B075DD5F1E5AEFA00097971A /* CollectionViewController.h */ = {isa = PBXFileReference; fileEncoding = 4; lastKnownFileType = sourcecode.c.h; path = CollectionViewController.h; sourceTree = "<group>"; };
		B075DD601E5AEFA00097971A /* CollectionViewController.m */ = {isa = PBXFileReference; fileEncoding = 4; lastKnownFileType = sourcecode.c.objc; path = CollectionViewController.m; sourceTree = "<group>"; };
		B075DD611E5AEFA00097971A /* SampleCollectionViewCell.h */ = {isa = PBXFileReference; fileEncoding = 4; lastKnownFileType = sourcecode.c.h; path = SampleCollectionViewCell.h; sourceTree = "<group>"; };
		B075DD621E5AEFA00097971A /* SampleCollectionViewCell.m */ = {isa = PBXFileReference; fileEncoding = 4; lastKnownFileType = sourcecode.c.objc; path = SampleCollectionViewCell.m; sourceTree = "<group>"; };
		B075DD641E5AEFA00097971A /* ALExampleMusicAdCell.h */ = {isa = PBXFileReference; fileEncoding = 4; lastKnownFileType = sourcecode.c.h; path = ALExampleMusicAdCell.h; sourceTree = "<group>"; };
		B075DD651E5AEFA00097971A /* ALExampleMusicAdCell.m */ = {isa = PBXFileReference; fileEncoding = 4; lastKnownFileType = sourcecode.c.objc; path = ALExampleMusicAdCell.m; sourceTree = "<group>"; };
		B075DD661E5AEFA00097971A /* ALExampleMusicAdCell.xib */ = {isa = PBXFileReference; fileEncoding = 4; lastKnownFileType = file.xib; path = ALExampleMusicAdCell.xib; sourceTree = "<group>"; };
		B075DD671E5AEFA00097971A /* SongListTableViewCell.h */ = {isa = PBXFileReference; fileEncoding = 4; lastKnownFileType = sourcecode.c.h; path = SongListTableViewCell.h; sourceTree = "<group>"; };
		B075DD681E5AEFA00097971A /* SongListTableViewCell.m */ = {isa = PBXFileReference; fileEncoding = 4; lastKnownFileType = sourcecode.c.objc; path = SongListTableViewCell.m; sourceTree = "<group>"; };
		B075DD691E5AEFA00097971A /* SongListTableViewController.h */ = {isa = PBXFileReference; fileEncoding = 4; lastKnownFileType = sourcecode.c.h; path = SongListTableViewController.h; sourceTree = "<group>"; };
		B075DD6A1E5AEFA00097971A /* SongListTableViewController.m */ = {isa = PBXFileReference; fileEncoding = 4; lastKnownFileType = sourcecode.c.objc; path = SongListTableViewController.m; sourceTree = "<group>"; };
		B075DD6C1E5AEFA00097971A /* ALExampleSimpleFeedAdCell.h */ = {isa = PBXFileReference; fileEncoding = 4; lastKnownFileType = sourcecode.c.h; path = ALExampleSimpleFeedAdCell.h; sourceTree = "<group>"; };
		B075DD6D1E5AEFA00097971A /* ALExampleSimpleFeedAdCell.m */ = {isa = PBXFileReference; fileEncoding = 4; lastKnownFileType = sourcecode.c.objc; path = ALExampleSimpleFeedAdCell.m; sourceTree = "<group>"; };
		B075DD6E1E5AEFA00097971A /* ALExampleSimpleFeedAdCell.xib */ = {isa = PBXFileReference; fileEncoding = 4; lastKnownFileType = file.xib; path = ALExampleSimpleFeedAdCell.xib; sourceTree = "<group>"; };
		B075DD6F1E5AEFA00097971A /* SimpleFeedListTableViewCell.h */ = {isa = PBXFileReference; fileEncoding = 4; lastKnownFileType = sourcecode.c.h; path = SimpleFeedListTableViewCell.h; sourceTree = "<group>"; };
		B075DD701E5AEFA00097971A /* SimpleFeedListTableViewCell.m */ = {isa = PBXFileReference; fileEncoding = 4; lastKnownFileType = sourcecode.c.objc; path = SimpleFeedListTableViewCell.m; sourceTree = "<group>"; };
		B075DD711E5AEFA00097971A /* SimpleFeedListTableViewCell.xib */ = {isa = PBXFileReference; fileEncoding = 4; lastKnownFileType = file.xib; path = SimpleFeedListTableViewCell.xib; sourceTree = "<group>"; };
		B075DD721E5AEFA00097971A /* SimpleFeedListTableViewController.h */ = {isa = PBXFileReference; fileEncoding = 4; lastKnownFileType = sourcecode.c.h; path = SimpleFeedListTableViewController.h; sourceTree = "<group>"; };
		B075DD731E5AEFA00097971A /* SimpleFeedListTableViewController.m */ = {isa = PBXFileReference; fileEncoding = 4; lastKnownFileType = sourcecode.c.objc; path = SimpleFeedListTableViewController.m; sourceTree = "<group>"; };
		B075DD751E5AEFA00097971A /* ALNativeViewSample.xib */ = {isa = PBXFileReference; fileEncoding = 4; lastKnownFileType = file.xib; path = ALNativeViewSample.xib; sourceTree = "<group>"; };
		B075DD761E5AEFA00097971A /* ViewTypeController.h */ = {isa = PBXFileReference; fileEncoding = 4; lastKnownFileType = sourcecode.c.h; path = ViewTypeController.h; sourceTree = "<group>"; };
		B075DD771E5AEFA00097971A /* ViewTypeController.m */ = {isa = PBXFileReference; fileEncoding = 4; lastKnownFileType = sourcecode.c.objc; path = ViewTypeController.m; sourceTree = "<group>"; };
		B0ED41E41D6429D900D4774E /* ADLibSample.app */ = {isa = PBXFileReference; explicitFileType = wrapper.application; includeInIndex = 0; path = ADLibSample.app; sourceTree = BUILT_PRODUCTS_DIR; };
		B0ED41E81D6429D900D4774E /* main.m */ = {isa = PBXFileReference; lastKnownFileType = sourcecode.c.objc; path = main.m; sourceTree = "<group>"; };
		B0ED41EA1D6429D900D4774E /* AppDelegate.h */ = {isa = PBXFileReference; lastKnownFileType = sourcecode.c.h; path = AppDelegate.h; sourceTree = "<group>"; };
		B0ED41EB1D6429D900D4774E /* AppDelegate.m */ = {isa = PBXFileReference; lastKnownFileType = sourcecode.c.objc; path = AppDelegate.m; sourceTree = "<group>"; };
		B0ED41F11D6429D900D4774E /* Base */ = {isa = PBXFileReference; lastKnownFileType = file.storyboard; name = Base; path = Base.lproj/Main.storyboard; sourceTree = "<group>"; };
		B0ED41F31D6429D900D4774E /* Assets.xcassets */ = {isa = PBXFileReference; lastKnownFileType = folder.assetcatalog; path = Assets.xcassets; sourceTree = "<group>"; };
		B0ED41F61D6429D900D4774E /* Base */ = {isa = PBXFileReference; lastKnownFileType = file.storyboard; name = Base; path = Base.lproj/LaunchScreen.storyboard; sourceTree = "<group>"; };
		B0ED41F81D6429D900D4774E /* Info.plist */ = {isa = PBXFileReference; lastKnownFileType = text.plist.xml; path = Info.plist; sourceTree = "<group>"; };
		B0ED42101D64349D00D4774E /* _TriDCommon.lua */ = {isa = PBXFileReference; fileEncoding = 4; lastKnownFileType = text; path = _TriDCommon.lua; sourceTree = "<group>"; };
		B0ED42111D64349D00D4774E /* _TriDDynamicData.lua */ = {isa = PBXFileReference; fileEncoding = 4; lastKnownFileType = text; path = _TriDDynamicData.lua; sourceTree = "<group>"; };
		B0ED42121D64349D00D4774E /* _TriDStartup.lua */ = {isa = PBXFileReference; fileEncoding = 4; lastKnownFileType = text; path = _TriDStartup.lua; sourceTree = "<group>"; };
		B0ED42131D64349D00D4774E /* json.lua */ = {isa = PBXFileReference; fileEncoding = 4; lastKnownFileType = text; path = json.lua; sourceTree = "<group>"; };
		B0ED422B1D643E5E00D4774E /* libstdc++.6.0.9.tbd */ = {isa = PBXFileReference; lastKnownFileType = "sourcecode.text-based-dylib-definition"; name = "libstdc++.6.0.9.tbd"; path = "usr/lib/libstdc++.6.0.9.tbd"; sourceTree = SDKROOT; };
		B0ED422D1D643E7400D4774E /* libxml2.2.tbd */ = {isa = PBXFileReference; lastKnownFileType = "sourcecode.text-based-dylib-definition"; name = libxml2.2.tbd; path = usr/lib/libxml2.2.tbd; sourceTree = SDKROOT; };
/* End PBXFileReference section */

/* Begin PBXFrameworksBuildPhase section */
		B0ED41E11D6429D900D4774E /* Frameworks */ = {
			isa = PBXFrameworksBuildPhase;
			buildActionMask = 2147483647;
			files = (
				B0ED422E1D643E7400D4774E /* libxml2.2.tbd in Frameworks */,
				B0ED422C1D643E5E00D4774E /* libstdc++.6.0.9.tbd in Frameworks */,
				B047E0371E5D60C600C362EA /* Adlib.framework in Frameworks */,
			);
			runOnlyForDeploymentPostprocessing = 0;
		};
/* End PBXFrameworksBuildPhase section */

/* Begin PBXGroup section */
		B00921711DF51648002C0B6C /* BannerSampleController */ = {
			isa = PBXGroup;
			children = (
				B00921721DF51648002C0B6C /* AdlibSampleController.h */,
				B00921731DF51648002C0B6C /* AdlibSampleController.m */,
				B00921741DF51648002C0B6C /* MediationSampleController.h */,
				B00921751DF51648002C0B6C /* MediationSampleController.m */,
			);
			path = BannerSampleController;
			sourceTree = "<group>";
		};
		B00921781DF5170C002C0B6C /* IConAdSample */ = {
			isa = PBXGroup;
			children = (
				B00921791DF5170C002C0B6C /* ADIconAdController.h */,
				B009217A1DF5170C002C0B6C /* ADIconAdController.m */,
			);
			path = IConAdSample;
			sourceTree = "<group>";
		};
		B009217B1DF5170C002C0B6C /* NativeAdSample */ = {
			isa = PBXGroup;
			children = (
				B009217C1DF5170C002C0B6C /* res */,
				B075DD5B1E5AEFA00097971A /* image_collectionview */,
				B075DD631E5AEFA00097971A /* image_tableview */,
				B075DD6B1E5AEFA00097971A /* video_tableview */,
				B075DD741E5AEFA00097971A /* video_uiview */,
			);
			path = NativeAdSample;
			sourceTree = "<group>";
		};
		B009217C1DF5170C002C0B6C /* res */ = {
			isa = PBXGroup;
			children = (
				B009217D1DF5170C002C0B6C /* sample_list.json */,
				B009217E1DF5170C002C0B6C /* sample_song.json */,
				B009217F1DF5170C002C0B6C /* SampleFeedItem.h */,
				B00921801DF5170C002C0B6C /* SampleFeedItem.m */,
			);
			path = res;
			sourceTree = "<group>";
		};
		B075DD5B1E5AEFA00097971A /* image_collectionview */ = {
			isa = PBXGroup;
			children = (
				B075DD611E5AEFA00097971A /* SampleCollectionViewCell.h */,
				B075DD621E5AEFA00097971A /* SampleCollectionViewCell.m */,
				B075DD5C1E5AEFA00097971A /* ALSampleAdCollectionViewCell.h */,
				B075DD5D1E5AEFA00097971A /* ALSampleAdCollectionViewCell.m */,
				B075DD5E1E5AEFA00097971A /* ALSampleAdCollectionViewCell.xib */,
				B075DD5F1E5AEFA00097971A /* CollectionViewController.h */,
				B075DD601E5AEFA00097971A /* CollectionViewController.m */,
			);
			path = image_collectionview;
			sourceTree = "<group>";
		};
		B075DD631E5AEFA00097971A /* image_tableview */ = {
			isa = PBXGroup;
			children = (
				B075DD641E5AEFA00097971A /* ALExampleMusicAdCell.h */,
				B075DD651E5AEFA00097971A /* ALExampleMusicAdCell.m */,
				B075DD661E5AEFA00097971A /* ALExampleMusicAdCell.xib */,
				B075DD671E5AEFA00097971A /* SongListTableViewCell.h */,
				B075DD681E5AEFA00097971A /* SongListTableViewCell.m */,
				B075DD691E5AEFA00097971A /* SongListTableViewController.h */,
				B075DD6A1E5AEFA00097971A /* SongListTableViewController.m */,
			);
			path = image_tableview;
			sourceTree = "<group>";
		};
		B075DD6B1E5AEFA00097971A /* video_tableview */ = {
			isa = PBXGroup;
			children = (
				B075DD6C1E5AEFA00097971A /* ALExampleSimpleFeedAdCell.h */,
				B075DD6D1E5AEFA00097971A /* ALExampleSimpleFeedAdCell.m */,
				B075DD6E1E5AEFA00097971A /* ALExampleSimpleFeedAdCell.xib */,
				B075DD6F1E5AEFA00097971A /* SimpleFeedListTableViewCell.h */,
				B075DD701E5AEFA00097971A /* SimpleFeedListTableViewCell.m */,
				B075DD711E5AEFA00097971A /* SimpleFeedListTableViewCell.xib */,
				B075DD721E5AEFA00097971A /* SimpleFeedListTableViewController.h */,
				B075DD731E5AEFA00097971A /* SimpleFeedListTableViewController.m */,
			);
			path = video_tableview;
			sourceTree = "<group>";
		};
		B075DD741E5AEFA00097971A /* video_uiview */ = {
			isa = PBXGroup;
			children = (
				B075DD751E5AEFA00097971A /* ALNativeViewSample.xib */,
				B075DD761E5AEFA00097971A /* ViewTypeController.h */,
				B075DD771E5AEFA00097971A /* ViewTypeController.m */,
			);
			path = video_uiview;
			sourceTree = "<group>";
		};
		B0D29F3B1E482C3B008E9B0B /* ADPlatformLibs */ = {
			isa = PBXGroup;
			children = (
				B0D29F3C1E482C3B008E9B0B /* adfit */,
				B0D29F3D1E482C3B008E9B0B /* admixer */,
				B0D29F3E1E482C3B008E9B0B /* admob */,
				B0D29F3F1E482C3B008E9B0B /* cauly */,
				B0D29F401E482C3B008E9B0B /* facebook */,
				B0D29F411E482C3B008E9B0B /* inmobi */,
				B0D29F421E482C3B008E9B0B /* tad */,
			);
			path = ADPlatformLibs;
			sourceTree = "<group>";
		};
		B0D29F3C1E482C3B008E9B0B /* adfit */ = {
			isa = PBXGroup;
			children = (
			);
			path = adfit;
			sourceTree = "<group>";
		};
		B0D29F3D1E482C3B008E9B0B /* admixer */ = {
			isa = PBXGroup;
			children = (
			);
			path = admixer;
			sourceTree = "<group>";
		};
		B0D29F3E1E482C3B008E9B0B /* admob */ = {
			isa = PBXGroup;
			children = (
			);
			path = admob;
			sourceTree = "<group>";
		};
		B0D29F3F1E482C3B008E9B0B /* cauly */ = {
			isa = PBXGroup;
			children = (
			);
			path = cauly;
			sourceTree = "<group>";
		};
		B0D29F401E482C3B008E9B0B /* facebook */ = {
			isa = PBXGroup;
			children = (
			);
			path = facebook;
			sourceTree = "<group>";
		};
		B0D29F411E482C3B008E9B0B /* inmobi */ = {
			isa = PBXGroup;
			children = (
			);
			path = inmobi;
			sourceTree = "<group>";
		};
		B0D29F421E482C3B008E9B0B /* tad */ = {
			isa = PBXGroup;
			children = (
			);
			path = tad;
			sourceTree = "<group>";
		};
		B0ED41DB1D6429D900D4774E = {
			isa = PBXGroup;
			children = (
				B0ED41E61D6429D900D4774E /* ADLibSample */,
				B0ED41E51D6429D900D4774E /* Products */,
			);
			sourceTree = "<group>";
		};
		B0ED41E51D6429D900D4774E /* Products */ = {
			isa = PBXGroup;
			children = (
				B0ED41E41D6429D900D4774E /* ADLibSample.app */,
			);
			name = Products;
			sourceTree = "<group>";
		};
		B0ED41E61D6429D900D4774E /* ADLibSample */ = {
			isa = PBXGroup;
			children = (
				B0D29F3B1E482C3B008E9B0B /* ADPlatformLibs */,
				B0ED422F1D643EA100D4774E /* frameworks */,
				B0ED42051D64349D00D4774E /* ADLibAdapter */,
				B0ED420C1D64349D00D4774E /* ADLibFramework */,
				B0ED41EA1D6429D900D4774E /* AppDelegate.h */,
				B0ED41EB1D6429D900D4774E /* AppDelegate.m */,
				B00921781DF5170C002C0B6C /* IConAdSample */,
				B009217B1DF5170C002C0B6C /* NativeAdSample */,
				B00921711DF51648002C0B6C /* BannerSampleController */,
				B0ED41F01D6429D900D4774E /* Main.storyboard */,
				B0ED41F31D6429D900D4774E /* Assets.xcassets */,
				B0ED41F51D6429D900D4774E /* LaunchScreen.storyboard */,
				B0ED41F81D6429D900D4774E /* Info.plist */,
				B0ED41E71D6429D900D4774E /* Supporting Files */,
			);
			path = ADLibSample;
			sourceTree = "<group>";
		};
		B0ED41E71D6429D900D4774E /* Supporting Files */ = {
			isa = PBXGroup;
			children = (
				B0ED41E81D6429D900D4774E /* main.m */,
			);
			name = "Supporting Files";
			sourceTree = "<group>";
		};
		B0ED42051D64349D00D4774E /* ADLibAdapter */ = {
			isa = PBXGroup;
			children = (
			);
			path = ADLibAdapter;
			sourceTree = "<group>";
		};
		B0ED420C1D64349D00D4774E /* ADLibFramework */ = {
			isa = PBXGroup;
			children = (
				B047E0361E5D60C600C362EA /* Adlib.framework */,
				B075DD4C1E5ACB1F0097971A /* Adlib.bundle */,
				B0ED420F1D64349D00D4774E /* Resources */,
			);
			path = ADLibFramework;
			sourceTree = "<group>";
		};
		B0ED420F1D64349D00D4774E /* Resources */ = {
			isa = PBXGroup;
			children = (
				B0ED42101D64349D00D4774E /* _TriDCommon.lua */,
				B0ED42111D64349D00D4774E /* _TriDDynamicData.lua */,
				B0ED42121D64349D00D4774E /* _TriDStartup.lua */,
				B0ED42131D64349D00D4774E /* json.lua */,
			);
			path = Resources;
			sourceTree = "<group>";
		};
		B0ED422F1D643EA100D4774E /* frameworks */ = {
			isa = PBXGroup;
			children = (
				B0ED422D1D643E7400D4774E /* libxml2.2.tbd */,
				B0ED422B1D643E5E00D4774E /* libstdc++.6.0.9.tbd */,
			);
			name = frameworks;
			sourceTree = "<group>";
		};
/* End PBXGroup section */

/* Begin PBXNativeTarget section */
		B0ED41E31D6429D900D4774E /* ADLibSample */ = {
			isa = PBXNativeTarget;
			buildConfigurationList = B0ED41FB1D6429D900D4774E /* Build configuration list for PBXNativeTarget "ADLibSample" */;
			buildPhases = (
				B0ED41E01D6429D900D4774E /* Sources */,
				B0ED41E11D6429D900D4774E /* Frameworks */,
				B0ED41E21D6429D900D4774E /* Resources */,
			);
			buildRules = (
			);
			dependencies = (
			);
			name = ADLibSample;
			productName = ADLibSample;
			productReference = B0ED41E41D6429D900D4774E /* ADLibSample.app */;
			productType = "com.apple.product-type.application";
		};
/* End PBXNativeTarget section */

/* Begin PBXProject section */
		B0ED41DC1D6429D900D4774E /* Project object */ = {
			isa = PBXProject;
			attributes = {
				LastUpgradeCheck = 0810;
				TargetAttributes = {
					B0ED41E31D6429D900D4774E = {
						CreatedOnToolsVersion = 7.3.1;
						DevelopmentTeam = CWXRLAGBKX;
					};
				};
			};
			buildConfigurationList = B0ED41DF1D6429D900D4774E /* Build configuration list for PBXProject "ADLibSample" */;
			compatibilityVersion = "Xcode 3.2";
			developmentRegion = English;
			hasScannedForEncodings = 0;
			knownRegions = (
				en,
				Base,
			);
			mainGroup = B0ED41DB1D6429D900D4774E;
			productRefGroup = B0ED41E51D6429D900D4774E /* Products */;
			projectDirPath = "";
			projectRoot = "";
			targets = (
				B0ED41E31D6429D900D4774E /* ADLibSample */,
			);
		};
/* End PBXProject section */

/* Begin PBXResourcesBuildPhase section */
		B0ED41E21D6429D900D4774E /* Resources */ = {
			isa = PBXResourcesBuildPhase;
			buildActionMask = 2147483647;
			files = (
				B0ED421A1D64349E00D4774E /* _TriDDynamicData.lua in Resources */,
				B0ED421C1D64349E00D4774E /* json.lua in Resources */,
				B075DD811E5AEFA00097971A /* ALExampleSimpleFeedAdCell.xib in Resources */,
				B075DD851E5AEFA00097971A /* ALNativeViewSample.xib in Resources */,
				B00921941DF5170C002C0B6C /* sample_list.json in Resources */,
				B00921951DF5170C002C0B6C /* sample_song.json in Resources */,
				B0ED42191D64349E00D4774E /* _TriDCommon.lua in Resources */,
				B075DD4D1E5ACB1F0097971A /* Adlib.bundle in Resources */,
				B075DD831E5AEFA00097971A /* SimpleFeedListTableViewCell.xib in Resources */,
				B0ED41F71D6429D900D4774E /* LaunchScreen.storyboard in Resources */,
				B0ED421B1D64349E00D4774E /* _TriDStartup.lua in Resources */,
				B075DD7D1E5AEFA00097971A /* ALExampleMusicAdCell.xib in Resources */,
				B075DD791E5AEFA00097971A /* ALSampleAdCollectionViewCell.xib in Resources */,
				B0ED41F41D6429D900D4774E /* Assets.xcassets in Resources */,
				B0ED41F21D6429D900D4774E /* Main.storyboard in Resources */,
			);
			runOnlyForDeploymentPostprocessing = 0;
		};
/* End PBXResourcesBuildPhase section */

/* Begin PBXSourcesBuildPhase section */
		B0ED41E01D6429D900D4774E /* Sources */ = {
			isa = PBXSourcesBuildPhase;
			buildActionMask = 2147483647;
			files = (
				B075DD7E1E5AEFA00097971A /* SongListTableViewCell.m in Sources */,
				B00921961DF5170C002C0B6C /* SampleFeedItem.m in Sources */,
				B0ED41EC1D6429D900D4774E /* AppDelegate.m in Sources */,
				B0ED41E91D6429D900D4774E /* main.m in Sources */,
				B075DD781E5AEFA00097971A /* ALSampleAdCollectionViewCell.m in Sources */,
				B075DD861E5AEFA00097971A /* ViewTypeController.m in Sources */,
				B075DD7C1E5AEFA00097971A /* ALExampleMusicAdCell.m in Sources */,
				B075DD841E5AEFA00097971A /* SimpleFeedListTableViewController.m in Sources */,
				B00921771DF51648002C0B6C /* MediationSampleController.m in Sources */,
				B00921761DF51648002C0B6C /* AdlibSampleController.m in Sources */,
				B00921931DF5170C002C0B6C /* ADIconAdController.m in Sources */,
				B075DD821E5AEFA00097971A /* SimpleFeedListTableViewCell.m in Sources */,
				B075DD7B1E5AEFA00097971A /* SampleCollectionViewCell.m in Sources */,
				B075DD7A1E5AEFA00097971A /* CollectionViewController.m in Sources */,
				B075DD801E5AEFA00097971A /* ALExampleSimpleFeedAdCell.m in Sources */,
				B075DD7F1E5AEFA00097971A /* SongListTableViewController.m in Sources */,
			);
			runOnlyForDeploymentPostprocessing = 0;
		};
/* End PBXSourcesBuildPhase section */

/* Begin PBXVariantGroup section */
		B0ED41F01D6429D900D4774E /* Main.storyboard */ = {
			isa = PBXVariantGroup;
			children = (
				B0ED41F11D6429D900D4774E /* Base */,
			);
			name = Main.storyboard;
			sourceTree = "<group>";
		};
		B0ED41F51D6429D900D4774E /* LaunchScreen.storyboard */ = {
			isa = PBXVariantGroup;
			children = (
				B0ED41F61D6429D900D4774E /* Base */,
			);
			name = LaunchScreen.storyboard;
			sourceTree = "<group>";
		};
/* End PBXVariantGroup section */

/* Begin XCBuildConfiguration section */
		B0ED41F91D6429D900D4774E /* Debug */ = {
			isa = XCBuildConfiguration;
			buildSettings = {
				ALWAYS_SEARCH_USER_PATHS = NO;
				CLANG_ANALYZER_NONNULL = YES;
				CLANG_CXX_LANGUAGE_STANDARD = "gnu++0x";
				CLANG_CXX_LIBRARY = "libc++";
				CLANG_ENABLE_MODULES = YES;
				CLANG_ENABLE_OBJC_ARC = YES;
				CLANG_WARN_BOOL_CONVERSION = YES;
				CLANG_WARN_CONSTANT_CONVERSION = YES;
				CLANG_WARN_DIRECT_OBJC_ISA_USAGE = YES_ERROR;
				CLANG_WARN_EMPTY_BODY = YES;
				CLANG_WARN_ENUM_CONVERSION = YES;
				CLANG_WARN_INFINITE_RECURSION = YES;
				CLANG_WARN_INT_CONVERSION = YES;
				CLANG_WARN_OBJC_ROOT_CLASS = YES_ERROR;
				CLANG_WARN_SUSPICIOUS_MOVE = YES;
				CLANG_WARN_UNREACHABLE_CODE = YES;
				CLANG_WARN__DUPLICATE_METHOD_MATCH = YES;
				"CODE_SIGN_IDENTITY[sdk=iphoneos*]" = "iPhone Developer";
				COPY_PHASE_STRIP = NO;
				DEBUG_INFORMATION_FORMAT = dwarf;
				ENABLE_BITCODE = NO;
				ENABLE_STRICT_OBJC_MSGSEND = YES;
				ENABLE_TESTABILITY = YES;
				GCC_C_LANGUAGE_STANDARD = gnu99;
				GCC_DYNAMIC_NO_PIC = NO;
				GCC_NO_COMMON_BLOCKS = YES;
				GCC_OPTIMIZATION_LEVEL = 0;
				GCC_PREPROCESSOR_DEFINITIONS = (
					"DEBUG=1",
					"$(inherited)",
				);
				GCC_WARN_64_TO_32_BIT_CONVERSION = YES;
				GCC_WARN_ABOUT_RETURN_TYPE = YES_ERROR;
				GCC_WARN_UNDECLARED_SELECTOR = YES;
				GCC_WARN_UNINITIALIZED_AUTOS = YES_AGGRESSIVE;
				GCC_WARN_UNUSED_FUNCTION = YES;
				GCC_WARN_UNUSED_VARIABLE = YES;
				IPHONEOS_DEPLOYMENT_TARGET = 9.3;
				MTL_ENABLE_DEBUG_INFO = YES;
				ONLY_ACTIVE_ARCH = YES;
				OTHER_LDFLAGS = "-ObjC";
				SDKROOT = iphoneos;
			};
			name = Debug;
		};
		B0ED41FA1D6429D900D4774E /* Release */ = {
			isa = XCBuildConfiguration;
			buildSettings = {
				ALWAYS_SEARCH_USER_PATHS = NO;
				CLANG_ANALYZER_NONNULL = YES;
				CLANG_CXX_LANGUAGE_STANDARD = "gnu++0x";
				CLANG_CXX_LIBRARY = "libc++";
				CLANG_ENABLE_MODULES = YES;
				CLANG_ENABLE_OBJC_ARC = YES;
				CLANG_WARN_BOOL_CONVERSION = YES;
				CLANG_WARN_CONSTANT_CONVERSION = YES;
				CLANG_WARN_DIRECT_OBJC_ISA_USAGE = YES_ERROR;
				CLANG_WARN_EMPTY_BODY = YES;
				CLANG_WARN_ENUM_CONVERSION = YES;
				CLANG_WARN_INFINITE_RECURSION = YES;
				CLANG_WARN_INT_CONVERSION = YES;
				CLANG_WARN_OBJC_ROOT_CLASS = YES_ERROR;
				CLANG_WARN_SUSPICIOUS_MOVE = YES;
				CLANG_WARN_UNREACHABLE_CODE = YES;
				CLANG_WARN__DUPLICATE_METHOD_MATCH = YES;
				"CODE_SIGN_IDENTITY[sdk=iphoneos*]" = "iPhone Developer";
				COPY_PHASE_STRIP = NO;
				DEBUG_INFORMATION_FORMAT = "dwarf-with-dsym";
				ENABLE_BITCODE = NO;
				ENABLE_NS_ASSERTIONS = NO;
				ENABLE_STRICT_OBJC_MSGSEND = YES;
				GCC_C_LANGUAGE_STANDARD = gnu99;
				GCC_NO_COMMON_BLOCKS = YES;
				GCC_WARN_64_TO_32_BIT_CONVERSION = YES;
				GCC_WARN_ABOUT_RETURN_TYPE = YES_ERROR;
				GCC_WARN_UNDECLARED_SELECTOR = YES;
				GCC_WARN_UNINITIALIZED_AUTOS = YES_AGGRESSIVE;
				GCC_WARN_UNUSED_FUNCTION = YES;
				GCC_WARN_UNUSED_VARIABLE = YES;
				IPHONEOS_DEPLOYMENT_TARGET = 9.3;
				MTL_ENABLE_DEBUG_INFO = NO;
				OTHER_LDFLAGS = "-ObjC";
				SDKROOT = iphoneos;
				VALIDATE_PRODUCT = YES;
			};
			name = Release;
		};
		B0ED41FC1D6429D900D4774E /* Debug */ = {
			isa = XCBuildConfiguration;
			buildSettings = {
				ASSETCATALOG_COMPILER_APPICON_NAME = AppIcon;
				DEVELOPMENT_TEAM = CWXRLAGBKX;
				FRAMEWORK_SEARCH_PATHS = (
					"$(inherited)",
					"$(PROJECT_DIR)/ADLibSample/ADLibFramework",
					"$(PROJECT_DIR)/ADLibSample/ADPlatformLibs/admob",
				);
				INFOPLIST_FILE = ADLibSample/Info.plist;
				LD_RUNPATH_SEARCH_PATHS = "$(inherited) @executable_path/Frameworks";
				PRODUCT_BUNDLE_IDENTIFIER = com.adlibr.ADLibSample;
				PRODUCT_NAME = "$(TARGET_NAME)";
			};
			name = Debug;
		};
		B0ED41FD1D6429D900D4774E /* Release */ = {
			isa = XCBuildConfiguration;
			buildSettings = {
				ASSETCATALOG_COMPILER_APPICON_NAME = AppIcon;
				DEVELOPMENT_TEAM = CWXRLAGBKX;
				FRAMEWORK_SEARCH_PATHS = (
					"$(inherited)",
					"$(PROJECT_DIR)/ADLibSample/ADLibFramework",
					"$(PROJECT_DIR)/ADLibSample/ADPlatformLibs/admob",
				);
				INFOPLIST_FILE = ADLibSample/Info.plist;
				LD_RUNPATH_SEARCH_PATHS = "$(inherited) @executable_path/Frameworks";
				PRODUCT_BUNDLE_IDENTIFIER = com.adlibr.ADLibSample;
				PRODUCT_NAME = "$(TARGET_NAME)";
			};
			name = Release;
		};
/* End XCBuildConfiguration section */

/* Begin XCConfigurationList section */
		B0ED41DF1D6429D900D4774E /* Build configuration list for PBXProject "ADLibSample" */ = {
			isa = XCConfigurationList;
			buildConfigurations = (
				B0ED41F91D6429D900D4774E /* Debug */,
				B0ED41FA1D6429D900D4774E /* Release */,
			);
			defaultConfigurationIsVisible = 0;
			defaultConfigurationName = Release;
		};
		B0ED41FB1D6429D900D4774E /* Build configuration list for PBXNativeTarget "ADLibSample" */ = {
			isa = XCConfigurationList;
			buildConfigurations = (
				B0ED41FC1D6429D900D4774E /* Debug */,
				B0ED41FD1D6429D900D4774E /* Release */,
			);
			defaultConfigurationIsVisible = 0;
			defaultConfigurationName = Release;
		};
/* End XCConfigurationList section */
	};
	rootObject = B0ED41DC1D6429D900D4774E /* Project object */;
}
