// !$*UTF8*$!
{
	archiveVersion = 1;
	classes = {
	};
	objectVersion = 46;
	objects = {

/* Begin PBXBuildFile section */
		B002BFB71AA5C250003D1CD3 /* main.m in Sources */ = {isa = PBXBuildFile; fileRef = B002BFB61AA5C250003D1CD3 /* main.m */; };
		B002BFBA1AA5C250003D1CD3 /* AppDelegate.m in Sources */ = {isa = PBXBuildFile; fileRef = B002BFB91AA5C250003D1CD3 /* AppDelegate.m */; };
		B002BFC01AA5C250003D1CD3 /* Main.storyboard in Resources */ = {isa = PBXBuildFile; fileRef = B002BFBE1AA5C250003D1CD3 /* Main.storyboard */; };
		B002BFC21AA5C250003D1CD3 /* Images.xcassets in Resources */ = {isa = PBXBuildFile; fileRef = B002BFC11AA5C250003D1CD3 /* Images.xcassets */; };
		B002BFC51AA5C250003D1CD3 /* LaunchScreen.xib in Resources */ = {isa = PBXBuildFile; fileRef = B002BFC31AA5C250003D1CD3 /* LaunchScreen.xib */; };
		B002BFD11AA5C250003D1CD3 /* adlibrTestUniversalTests.m in Sources */ = {isa = PBXBuildFile; fileRef = B002BFD01AA5C250003D1CD3 /* adlibrTestUniversalTests.m */; };
		B002C0611AA5C4AC003D1CD3 /* AVFoundation.framework in Frameworks */ = {isa = PBXBuildFile; fileRef = B002C0601AA5C4AC003D1CD3 /* AVFoundation.framework */; };
		B002C0631AA5C4B8003D1CD3 /* AdSupport.framework in Frameworks */ = {isa = PBXBuildFile; fileRef = B002C0621AA5C4B8003D1CD3 /* AdSupport.framework */; };
		B002C0651AA5C4BE003D1CD3 /* CoreTelephony.framework in Frameworks */ = {isa = PBXBuildFile; fileRef = B002C0641AA5C4BE003D1CD3 /* CoreTelephony.framework */; };
		B002C0671AA5C4C3003D1CD3 /* CoreMedia.framework in Frameworks */ = {isa = PBXBuildFile; fileRef = B002C0661AA5C4C3003D1CD3 /* CoreMedia.framework */; };
		B002C0691AA5C4C8003D1CD3 /* libxml2.dylib in Frameworks */ = {isa = PBXBuildFile; fileRef = B002C0681AA5C4C8003D1CD3 /* libxml2.dylib */; };
		B002C0711AA5C58D003D1CD3 /* BannerXibViewController.m in Sources */ = {isa = PBXBuildFile; fileRef = B002C06C1AA5C58D003D1CD3 /* BannerXibViewController.m */; };
		B002C0721AA5C58D003D1CD3 /* MediationBannerViewController.m in Sources */ = {isa = PBXBuildFile; fileRef = B002C06E1AA5C58D003D1CD3 /* MediationBannerViewController.m */; };
		B002C0731AA5C58D003D1CD3 /* MediationTableViewController.m in Sources */ = {isa = PBXBuildFile; fileRef = B002C0701AA5C58D003D1CD3 /* MediationTableViewController.m */; };
		B0E2C76B1B297EF8006F9BC3 /* _TriDCommon.lua in Resources */ = {isa = PBXBuildFile; fileRef = B0E2C7661B297EF8006F9BC3 /* _TriDCommon.lua */; };
		B0E2C76C1B297EF9006F9BC3 /* _TriDDynamicData.lua in Resources */ = {isa = PBXBuildFile; fileRef = B0E2C7671B297EF8006F9BC3 /* _TriDDynamicData.lua */; };
		B0E2C76D1B297EF9006F9BC3 /* _TriDStartup.lua in Resources */ = {isa = PBXBuildFile; fileRef = B0E2C7681B297EF8006F9BC3 /* _TriDStartup.lua */; };
		B0E2C76E1B297EF9006F9BC3 /* Adlib.bundle in Resources */ = {isa = PBXBuildFile; fileRef = B0E2C7691B297EF8006F9BC3 /* Adlib.bundle */; };
		B0E2C76F1B297EF9006F9BC3 /* json.lua in Resources */ = {isa = PBXBuildFile; fileRef = B0E2C76A1B297EF8006F9BC3 /* json.lua */; };
		B0F4D2331B3BE69B0031FA2A /* Adlib.framework in Frameworks */ = {isa = PBXBuildFile; fileRef = B0F4D2321B3BE69B0031FA2A /* Adlib.framework */; };
		B0F90E161B27E35F00A757DD /* libstdc++.6.0.9.dylib in Frameworks */ = {isa = PBXBuildFile; fileRef = B0F90E151B27E35F00A757DD /* libstdc++.6.0.9.dylib */; };
/* End PBXBuildFile section */

/* Begin PBXContainerItemProxy section */
		B002BFCB1AA5C250003D1CD3 /* PBXContainerItemProxy */ = {
			isa = PBXContainerItemProxy;
			containerPortal = B002BFA91AA5C250003D1CD3 /* Project object */;
			proxyType = 1;
			remoteGlobalIDString = B002BFB01AA5C250003D1CD3;
			remoteInfo = adlibrTestUniversal;
		};
/* End PBXContainerItemProxy section */

/* Begin PBXFileReference section */
		B002BFB11AA5C250003D1CD3 /* adlibrTestUniversal.app */ = {isa = PBXFileReference; explicitFileType = wrapper.application; includeInIndex = 0; path = adlibrTestUniversal.app; sourceTree = BUILT_PRODUCTS_DIR; };
		B002BFB51AA5C250003D1CD3 /* Info.plist */ = {isa = PBXFileReference; lastKnownFileType = text.plist.xml; path = Info.plist; sourceTree = "<group>"; };
		B002BFB61AA5C250003D1CD3 /* main.m */ = {isa = PBXFileReference; lastKnownFileType = sourcecode.c.objc; path = main.m; sourceTree = "<group>"; };
		B002BFB81AA5C250003D1CD3 /* AppDelegate.h */ = {isa = PBXFileReference; lastKnownFileType = sourcecode.c.h; path = AppDelegate.h; sourceTree = "<group>"; };
		B002BFB91AA5C250003D1CD3 /* AppDelegate.m */ = {isa = PBXFileReference; lastKnownFileType = sourcecode.c.objc; path = AppDelegate.m; sourceTree = "<group>"; };
		B002BFBF1AA5C250003D1CD3 /* Base */ = {isa = PBXFileReference; lastKnownFileType = file.storyboard; name = Base; path = Base.lproj/Main.storyboard; sourceTree = "<group>"; };
		B002BFC11AA5C250003D1CD3 /* Images.xcassets */ = {isa = PBXFileReference; lastKnownFileType = folder.assetcatalog; path = Images.xcassets; sourceTree = "<group>"; };
		B002BFC41AA5C250003D1CD3 /* Base */ = {isa = PBXFileReference; lastKnownFileType = file.xib; name = Base; path = Base.lproj/LaunchScreen.xib; sourceTree = "<group>"; };
		B002BFCA1AA5C250003D1CD3 /* adlibrTestUniversalTests.xctest */ = {isa = PBXFileReference; explicitFileType = wrapper.cfbundle; includeInIndex = 0; path = adlibrTestUniversalTests.xctest; sourceTree = BUILT_PRODUCTS_DIR; };
		B002BFCF1AA5C250003D1CD3 /* Info.plist */ = {isa = PBXFileReference; lastKnownFileType = text.plist.xml; path = Info.plist; sourceTree = "<group>"; };
		B002BFD01AA5C250003D1CD3 /* adlibrTestUniversalTests.m */ = {isa = PBXFileReference; lastKnownFileType = sourcecode.c.objc; path = adlibrTestUniversalTests.m; sourceTree = "<group>"; };
		B002C0601AA5C4AC003D1CD3 /* AVFoundation.framework */ = {isa = PBXFileReference; lastKnownFileType = wrapper.framework; name = AVFoundation.framework; path = System/Library/Frameworks/AVFoundation.framework; sourceTree = SDKROOT; };
		B002C0621AA5C4B8003D1CD3 /* AdSupport.framework */ = {isa = PBXFileReference; lastKnownFileType = wrapper.framework; name = AdSupport.framework; path = System/Library/Frameworks/AdSupport.framework; sourceTree = SDKROOT; };
		B002C0641AA5C4BE003D1CD3 /* CoreTelephony.framework */ = {isa = PBXFileReference; lastKnownFileType = wrapper.framework; name = CoreTelephony.framework; path = System/Library/Frameworks/CoreTelephony.framework; sourceTree = SDKROOT; };
		B002C0661AA5C4C3003D1CD3 /* CoreMedia.framework */ = {isa = PBXFileReference; lastKnownFileType = wrapper.framework; name = CoreMedia.framework; path = System/Library/Frameworks/CoreMedia.framework; sourceTree = SDKROOT; };
		B002C0681AA5C4C8003D1CD3 /* libxml2.dylib */ = {isa = PBXFileReference; lastKnownFileType = "compiled.mach-o.dylib"; name = libxml2.dylib; path = usr/lib/libxml2.dylib; sourceTree = SDKROOT; };
		B002C06B1AA5C58D003D1CD3 /* BannerXibViewController.h */ = {isa = PBXFileReference; fileEncoding = 4; lastKnownFileType = sourcecode.c.h; path = BannerXibViewController.h; sourceTree = "<group>"; };
		B002C06C1AA5C58D003D1CD3 /* BannerXibViewController.m */ = {isa = PBXFileReference; fileEncoding = 4; lastKnownFileType = sourcecode.c.objc; path = BannerXibViewController.m; sourceTree = "<group>"; };
		B002C06D1AA5C58D003D1CD3 /* MediationBannerViewController.h */ = {isa = PBXFileReference; fileEncoding = 4; lastKnownFileType = sourcecode.c.h; path = MediationBannerViewController.h; sourceTree = "<group>"; };
		B002C06E1AA5C58D003D1CD3 /* MediationBannerViewController.m */ = {isa = PBXFileReference; fileEncoding = 4; lastKnownFileType = sourcecode.c.objc; path = MediationBannerViewController.m; sourceTree = "<group>"; };
		B002C06F1AA5C58D003D1CD3 /* MediationTableViewController.h */ = {isa = PBXFileReference; fileEncoding = 4; lastKnownFileType = sourcecode.c.h; path = MediationTableViewController.h; sourceTree = "<group>"; };
		B002C0701AA5C58D003D1CD3 /* MediationTableViewController.m */ = {isa = PBXFileReference; fileEncoding = 4; lastKnownFileType = sourcecode.c.objc; path = MediationTableViewController.m; sourceTree = "<group>"; };
		B0E2C7661B297EF8006F9BC3 /* _TriDCommon.lua */ = {isa = PBXFileReference; fileEncoding = 4; lastKnownFileType = text; path = _TriDCommon.lua; sourceTree = "<group>"; };
		B0E2C7671B297EF8006F9BC3 /* _TriDDynamicData.lua */ = {isa = PBXFileReference; fileEncoding = 4; lastKnownFileType = text; path = _TriDDynamicData.lua; sourceTree = "<group>"; };
		B0E2C7681B297EF8006F9BC3 /* _TriDStartup.lua */ = {isa = PBXFileReference; fileEncoding = 4; lastKnownFileType = text; path = _TriDStartup.lua; sourceTree = "<group>"; };
		B0E2C7691B297EF8006F9BC3 /* Adlib.bundle */ = {isa = PBXFileReference; lastKnownFileType = "wrapper.plug-in"; path = Adlib.bundle; sourceTree = "<group>"; };
		B0E2C76A1B297EF8006F9BC3 /* json.lua */ = {isa = PBXFileReference; fileEncoding = 4; lastKnownFileType = text; path = json.lua; sourceTree = "<group>"; };
		B0F4D2321B3BE69B0031FA2A /* Adlib.framework */ = {isa = PBXFileReference; lastKnownFileType = wrapper.framework; path = Adlib.framework; sourceTree = "<group>"; };
		B0F90E151B27E35F00A757DD /* libstdc++.6.0.9.dylib */ = {isa = PBXFileReference; lastKnownFileType = "compiled.mach-o.dylib"; name = "libstdc++.6.0.9.dylib"; path = "usr/lib/libstdc++.6.0.9.dylib"; sourceTree = SDKROOT; };
/* End PBXFileReference section */

/* Begin PBXFrameworksBuildPhase section */
		B002BFAE1AA5C250003D1CD3 /* Frameworks */ = {
			isa = PBXFrameworksBuildPhase;
			buildActionMask = 2147483647;
			files = (
				B0F90E161B27E35F00A757DD /* libstdc++.6.0.9.dylib in Frameworks */,
				B002C0691AA5C4C8003D1CD3 /* libxml2.dylib in Frameworks */,
				B002C0671AA5C4C3003D1CD3 /* CoreMedia.framework in Frameworks */,
				B002C0651AA5C4BE003D1CD3 /* CoreTelephony.framework in Frameworks */,
				B0F4D2331B3BE69B0031FA2A /* Adlib.framework in Frameworks */,
				B002C0631AA5C4B8003D1CD3 /* AdSupport.framework in Frameworks */,
				B002C0611AA5C4AC003D1CD3 /* AVFoundation.framework in Frameworks */,
			);
			runOnlyForDeploymentPostprocessing = 0;
		};
		B002BFC71AA5C250003D1CD3 /* Frameworks */ = {
			isa = PBXFrameworksBuildPhase;
			buildActionMask = 2147483647;
			files = (
			);
			runOnlyForDeploymentPostprocessing = 0;
		};
/* End PBXFrameworksBuildPhase section */

/* Begin PBXGroup section */
		B002BFA81AA5C250003D1CD3 = {
			isa = PBXGroup;
			children = (
				B002BFB31AA5C250003D1CD3 /* adlibrTestUniversal */,
				B002BFCD1AA5C250003D1CD3 /* adlibrTestUniversalTests */,
				B002BFB21AA5C250003D1CD3 /* Products */,
			);
			sourceTree = "<group>";
		};
		B002BFB21AA5C250003D1CD3 /* Products */ = {
			isa = PBXGroup;
			children = (
				B002BFB11AA5C250003D1CD3 /* adlibrTestUniversal.app */,
				B002BFCA1AA5C250003D1CD3 /* adlibrTestUniversalTests.xctest */,
			);
			name = Products;
			sourceTree = "<group>";
		};
		B002BFB31AA5C250003D1CD3 /* adlibrTestUniversal */ = {
			isa = PBXGroup;
			children = (
				B0E2C7651B297EF8006F9BC3 /* AdlibResources */,
				B002BFB81AA5C250003D1CD3 /* AppDelegate.h */,
				B002BFB91AA5C250003D1CD3 /* AppDelegate.m */,
				B002C06B1AA5C58D003D1CD3 /* BannerXibViewController.h */,
				B002C06C1AA5C58D003D1CD3 /* BannerXibViewController.m */,
				B002C06D1AA5C58D003D1CD3 /* MediationBannerViewController.h */,
				B002C06E1AA5C58D003D1CD3 /* MediationBannerViewController.m */,
				B002C06F1AA5C58D003D1CD3 /* MediationTableViewController.h */,
				B002C0701AA5C58D003D1CD3 /* MediationTableViewController.m */,
				B002BFDB1AA5C344003D1CD3 /* ads */,
				B002BFBE1AA5C250003D1CD3 /* Main.storyboard */,
				B002BFC11AA5C250003D1CD3 /* Images.xcassets */,
				B002BFC31AA5C250003D1CD3 /* LaunchScreen.xib */,
				B002C06A1AA5C4DA003D1CD3 /* Frameworks */,
				B002BFB41AA5C250003D1CD3 /* Supporting Files */,
			);
			path = adlibrTestUniversal;
			sourceTree = "<group>";
		};
		B002BFB41AA5C250003D1CD3 /* Supporting Files */ = {
			isa = PBXGroup;
			children = (
				B002BFB51AA5C250003D1CD3 /* Info.plist */,
				B002BFB61AA5C250003D1CD3 /* main.m */,
			);
			name = "Supporting Files";
			sourceTree = "<group>";
		};
		B002BFCD1AA5C250003D1CD3 /* adlibrTestUniversalTests */ = {
			isa = PBXGroup;
			children = (
				B002BFD01AA5C250003D1CD3 /* adlibrTestUniversalTests.m */,
				B002BFCE1AA5C250003D1CD3 /* Supporting Files */,
			);
			path = adlibrTestUniversalTests;
			sourceTree = "<group>";
		};
		B002BFCE1AA5C250003D1CD3 /* Supporting Files */ = {
			isa = PBXGroup;
			children = (
				B002BFCF1AA5C250003D1CD3 /* Info.plist */,
			);
			name = "Supporting Files";
			sourceTree = "<group>";
		};
		B002BFDB1AA5C344003D1CD3 /* ads */ = {
			isa = PBXGroup;
			children = (
				B002BFDC1AA5C344003D1CD3 /* adlib.mocoplex */,
				B002BFF91AA5C344003D1CD3 /* ads_platform */,
			);
			path = ads;
			sourceTree = "<group>";
		};
		B002BFDC1AA5C344003D1CD3 /* adlib.mocoplex */ = {
			isa = PBXGroup;
			children = (
				B002BFDE1AA5C344003D1CD3 /* SubAdView */,
			);
			path = adlib.mocoplex;
			sourceTree = "<group>";
		};
		B002BFDE1AA5C344003D1CD3 /* SubAdView */ = {
			isa = PBXGroup;
			children = (
			);
			path = SubAdView;
			sourceTree = "<group>";
		};
		B002BFF91AA5C344003D1CD3 /* ads_platform */ = {
			isa = PBXGroup;
			children = (
			);
			path = ads_platform;
			sourceTree = "<group>";
		};
		B002C06A1AA5C4DA003D1CD3 /* Frameworks */ = {
			isa = PBXGroup;
			children = (
				B0F4D2321B3BE69B0031FA2A /* Adlib.framework */,
				B0F90E151B27E35F00A757DD /* libstdc++.6.0.9.dylib */,
				B002C0681AA5C4C8003D1CD3 /* libxml2.dylib */,
				B002C0661AA5C4C3003D1CD3 /* CoreMedia.framework */,
				B002C0641AA5C4BE003D1CD3 /* CoreTelephony.framework */,
				B002C0621AA5C4B8003D1CD3 /* AdSupport.framework */,
				B002C0601AA5C4AC003D1CD3 /* AVFoundation.framework */,
			);
			name = Frameworks;
			sourceTree = "<group>";
		};
		B0E2C7651B297EF8006F9BC3 /* AdlibResources */ = {
			isa = PBXGroup;
			children = (
				B0E2C7691B297EF8006F9BC3 /* Adlib.bundle */,
				B0E2C7661B297EF8006F9BC3 /* _TriDCommon.lua */,
				B0E2C7671B297EF8006F9BC3 /* _TriDDynamicData.lua */,
				B0E2C7681B297EF8006F9BC3 /* _TriDStartup.lua */,
				B0E2C76A1B297EF8006F9BC3 /* json.lua */,
			);
			path = AdlibResources;
			sourceTree = "<group>";
		};
/* End PBXGroup section */

/* Begin PBXNativeTarget section */
		B002BFB01AA5C250003D1CD3 /* adlibrTestUniversal */ = {
			isa = PBXNativeTarget;
			buildConfigurationList = B002BFD41AA5C250003D1CD3 /* Build configuration list for PBXNativeTarget "adlibrTestUniversal" */;
			buildPhases = (
				B002BFAD1AA5C250003D1CD3 /* Sources */,
				B002BFAE1AA5C250003D1CD3 /* Frameworks */,
				B002BFAF1AA5C250003D1CD3 /* Resources */,
			);
			buildRules = (
			);
			dependencies = (
			);
			name = adlibrTestUniversal;
			productName = adlibrTestUniversal;
			productReference = B002BFB11AA5C250003D1CD3 /* adlibrTestUniversal.app */;
			productType = "com.apple.product-type.application";
		};
		B002BFC91AA5C250003D1CD3 /* adlibrTestUniversalTests */ = {
			isa = PBXNativeTarget;
			buildConfigurationList = B002BFD71AA5C250003D1CD3 /* Build configuration list for PBXNativeTarget "adlibrTestUniversalTests" */;
			buildPhases = (
				B002BFC61AA5C250003D1CD3 /* Sources */,
				B002BFC71AA5C250003D1CD3 /* Frameworks */,
				B002BFC81AA5C250003D1CD3 /* Resources */,
			);
			buildRules = (
			);
			dependencies = (
				B002BFCC1AA5C250003D1CD3 /* PBXTargetDependency */,
			);
			name = adlibrTestUniversalTests;
			productName = adlibrTestUniversalTests;
			productReference = B002BFCA1AA5C250003D1CD3 /* adlibrTestUniversalTests.xctest */;
			productType = "com.apple.product-type.bundle.unit-test";
		};
/* End PBXNativeTarget section */

/* Begin PBXProject section */
		B002BFA91AA5C250003D1CD3 /* Project object */ = {
			isa = PBXProject;
			attributes = {
				LastUpgradeCheck = 0610;
				ORGANIZATIONNAME = adlibr;
				TargetAttributes = {
					B002BFB01AA5C250003D1CD3 = {
						CreatedOnToolsVersion = 6.1.1;
					};
					B002BFC91AA5C250003D1CD3 = {
						CreatedOnToolsVersion = 6.1.1;
						TestTargetID = B002BFB01AA5C250003D1CD3;
					};
				};
			};
			buildConfigurationList = B002BFAC1AA5C250003D1CD3 /* Build configuration list for PBXProject "adlibrTestUniversal" */;
			compatibilityVersion = "Xcode 3.2";
			developmentRegion = English;
			hasScannedForEncodings = 0;
			knownRegions = (
				en,
				Base,
			);
			mainGroup = B002BFA81AA5C250003D1CD3;
			productRefGroup = B002BFB21AA5C250003D1CD3 /* Products */;
			projectDirPath = "";
			projectRoot = "";
			targets = (
				B002BFB01AA5C250003D1CD3 /* adlibrTestUniversal */,
				B002BFC91AA5C250003D1CD3 /* adlibrTestUniversalTests */,
			);
		};
/* End PBXProject section */

/* Begin PBXResourcesBuildPhase section */
		B002BFAF1AA5C250003D1CD3 /* Resources */ = {
			isa = PBXResourcesBuildPhase;
			buildActionMask = 2147483647;
			files = (
				B0E2C76F1B297EF9006F9BC3 /* json.lua in Resources */,
				B0E2C76D1B297EF9006F9BC3 /* _TriDStartup.lua in Resources */,
				B0E2C76B1B297EF8006F9BC3 /* _TriDCommon.lua in Resources */,
				B0E2C76C1B297EF9006F9BC3 /* _TriDDynamicData.lua in Resources */,
				B0E2C76E1B297EF9006F9BC3 /* Adlib.bundle in Resources */,
				B002BFC21AA5C250003D1CD3 /* Images.xcassets in Resources */,
				B002BFC51AA5C250003D1CD3 /* LaunchScreen.xib in Resources */,
				B002BFC01AA5C250003D1CD3 /* Main.storyboard in Resources */,
			);
			runOnlyForDeploymentPostprocessing = 0;
		};
		B002BFC81AA5C250003D1CD3 /* Resources */ = {
			isa = PBXResourcesBuildPhase;
			buildActionMask = 2147483647;
			files = (
			);
			runOnlyForDeploymentPostprocessing = 0;
		};
/* End PBXResourcesBuildPhase section */

/* Begin PBXSourcesBuildPhase section */
		B002BFAD1AA5C250003D1CD3 /* Sources */ = {
			isa = PBXSourcesBuildPhase;
			buildActionMask = 2147483647;
			files = (
				B002C0731AA5C58D003D1CD3 /* MediationTableViewController.m in Sources */,
				B002BFBA1AA5C250003D1CD3 /* AppDelegate.m in Sources */,
				B002C0721AA5C58D003D1CD3 /* MediationBannerViewController.m in Sources */,
				B002C0711AA5C58D003D1CD3 /* BannerXibViewController.m in Sources */,
				B002BFB71AA5C250003D1CD3 /* main.m in Sources */,
			);
			runOnlyForDeploymentPostprocessing = 0;
		};
		B002BFC61AA5C250003D1CD3 /* Sources */ = {
			isa = PBXSourcesBuildPhase;
			buildActionMask = 2147483647;
			files = (
				B002BFD11AA5C250003D1CD3 /* adlibrTestUniversalTests.m in Sources */,
			);
			runOnlyForDeploymentPostprocessing = 0;
		};
/* End PBXSourcesBuildPhase section */

/* Begin PBXTargetDependency section */
		B002BFCC1AA5C250003D1CD3 /* PBXTargetDependency */ = {
			isa = PBXTargetDependency;
			target = B002BFB01AA5C250003D1CD3 /* adlibrTestUniversal */;
			targetProxy = B002BFCB1AA5C250003D1CD3 /* PBXContainerItemProxy */;
		};
/* End PBXTargetDependency section */

/* Begin PBXVariantGroup section */
		B002BFBE1AA5C250003D1CD3 /* Main.storyboard */ = {
			isa = PBXVariantGroup;
			children = (
				B002BFBF1AA5C250003D1CD3 /* Base */,
			);
			name = Main.storyboard;
			sourceTree = "<group>";
		};
		B002BFC31AA5C250003D1CD3 /* LaunchScreen.xib */ = {
			isa = PBXVariantGroup;
			children = (
				B002BFC41AA5C250003D1CD3 /* Base */,
			);
			name = LaunchScreen.xib;
			sourceTree = "<group>";
		};
/* End PBXVariantGroup section */

/* Begin XCBuildConfiguration section */
		B002BFD21AA5C250003D1CD3 /* Debug */ = {
			isa = XCBuildConfiguration;
			buildSettings = {
				ALWAYS_SEARCH_USER_PATHS = NO;
				CLANG_CXX_LANGUAGE_STANDARD = "gnu++0x";
				CLANG_CXX_LIBRARY = "libc++";
				CLANG_ENABLE_MODULES = YES;
				CLANG_ENABLE_OBJC_ARC = YES;
				CLANG_WARN_BOOL_CONVERSION = YES;
				CLANG_WARN_CONSTANT_CONVERSION = YES;
				CLANG_WARN_DIRECT_OBJC_ISA_USAGE = YES_ERROR;
				CLANG_WARN_EMPTY_BODY = YES;
				CLANG_WARN_ENUM_CONVERSION = YES;
				CLANG_WARN_INT_CONVERSION = YES;
				CLANG_WARN_OBJC_ROOT_CLASS = YES_ERROR;
				CLANG_WARN_UNREACHABLE_CODE = YES;
				CLANG_WARN__DUPLICATE_METHOD_MATCH = YES;
				"CODE_SIGN_IDENTITY[sdk=iphoneos*]" = "iPhone Developer";
				COPY_PHASE_STRIP = NO;
				ENABLE_STRICT_OBJC_MSGSEND = YES;
				GCC_C_LANGUAGE_STANDARD = gnu99;
				GCC_DYNAMIC_NO_PIC = NO;
				GCC_OPTIMIZATION_LEVEL = 0;
				GCC_PREPROCESSOR_DEFINITIONS = (
					"DEBUG=1",
					"$(inherited)",
				);
				GCC_SYMBOLS_PRIVATE_EXTERN = NO;
				GCC_WARN_64_TO_32_BIT_CONVERSION = YES;
				GCC_WARN_ABOUT_RETURN_TYPE = YES_ERROR;
				GCC_WARN_UNDECLARED_SELECTOR = YES;
				GCC_WARN_UNINITIALIZED_AUTOS = YES_AGGRESSIVE;
				GCC_WARN_UNUSED_FUNCTION = YES;
				GCC_WARN_UNUSED_VARIABLE = YES;
				IPHONEOS_DEPLOYMENT_TARGET = 8.1;
				MTL_ENABLE_DEBUG_INFO = YES;
				ONLY_ACTIVE_ARCH = YES;
				SDKROOT = iphoneos;
				TARGETED_DEVICE_FAMILY = "1,2";
			};
			name = Debug;
		};
		B002BFD31AA5C250003D1CD3 /* Release */ = {
			isa = XCBuildConfiguration;
			buildSettings = {
				ALWAYS_SEARCH_USER_PATHS = NO;
				CLANG_CXX_LANGUAGE_STANDARD = "gnu++0x";
				CLANG_CXX_LIBRARY = "libc++";
				CLANG_ENABLE_MODULES = YES;
				CLANG_ENABLE_OBJC_ARC = YES;
				CLANG_WARN_BOOL_CONVERSION = YES;
				CLANG_WARN_CONSTANT_CONVERSION = YES;
				CLANG_WARN_DIRECT_OBJC_ISA_USAGE = YES_ERROR;
				CLANG_WARN_EMPTY_BODY = YES;
				CLANG_WARN_ENUM_CONVERSION = YES;
				CLANG_WARN_INT_CONVERSION = YES;
				CLANG_WARN_OBJC_ROOT_CLASS = YES_ERROR;
				CLANG_WARN_UNREACHABLE_CODE = YES;
				CLANG_WARN__DUPLICATE_METHOD_MATCH = YES;
				"CODE_SIGN_IDENTITY[sdk=iphoneos*]" = "iPhone Developer";
				COPY_PHASE_STRIP = YES;
				ENABLE_NS_ASSERTIONS = NO;
				ENABLE_STRICT_OBJC_MSGSEND = YES;
				GCC_C_LANGUAGE_STANDARD = gnu99;
				GCC_WARN_64_TO_32_BIT_CONVERSION = YES;
				GCC_WARN_ABOUT_RETURN_TYPE = YES_ERROR;
				GCC_WARN_UNDECLARED_SELECTOR = YES;
				GCC_WARN_UNINITIALIZED_AUTOS = YES_AGGRESSIVE;
				GCC_WARN_UNUSED_FUNCTION = YES;
				GCC_WARN_UNUSED_VARIABLE = YES;
				IPHONEOS_DEPLOYMENT_TARGET = 8.1;
				MTL_ENABLE_DEBUG_INFO = NO;
				SDKROOT = iphoneos;
				TARGETED_DEVICE_FAMILY = "1,2";
				VALIDATE_PRODUCT = YES;
			};
			name = Release;
		};
		B002BFD51AA5C250003D1CD3 /* Debug */ = {
			isa = XCBuildConfiguration;
			buildSettings = {
				ASSETCATALOG_COMPILER_APPICON_NAME = AppIcon;
				ASSETCATALOG_COMPILER_LAUNCHIMAGE_NAME = LaunchImage;
				FRAMEWORK_SEARCH_PATHS = (
					"$(inherited)",
					"$(PROJECT_DIR)/adlibrTestUniversal",
				);
				INFOPLIST_FILE = adlibrTestUniversal/Info.plist;
				IPHONEOS_DEPLOYMENT_TARGET = 6.1;
				LD_RUNPATH_SEARCH_PATHS = "$(inherited) @executable_path/Frameworks";
				LIBRARY_SEARCH_PATHS = "$(inherited)";
				OTHER_LDFLAGS = "-ObjC";
				PRODUCT_NAME = "$(TARGET_NAME)";
			};
			name = Debug;
		};
		B002BFD61AA5C250003D1CD3 /* Release */ = {
			isa = XCBuildConfiguration;
			buildSettings = {
				ASSETCATALOG_COMPILER_APPICON_NAME = AppIcon;
				ASSETCATALOG_COMPILER_LAUNCHIMAGE_NAME = LaunchImage;
				FRAMEWORK_SEARCH_PATHS = (
					"$(inherited)",
					"$(PROJECT_DIR)/adlibrTestUniversal",
				);
				INFOPLIST_FILE = adlibrTestUniversal/Info.plist;
				IPHONEOS_DEPLOYMENT_TARGET = 6.1;
				LD_RUNPATH_SEARCH_PATHS = "$(inherited) @executable_path/Frameworks";
				LIBRARY_SEARCH_PATHS = "$(inherited)";
				OTHER_LDFLAGS = "-ObjC";
				PRODUCT_NAME = "$(TARGET_NAME)";
			};
			name = Release;
		};
		B002BFD81AA5C250003D1CD3 /* Debug */ = {
			isa = XCBuildConfiguration;
			buildSettings = {
				BUNDLE_LOADER = "$(TEST_HOST)";
				FRAMEWORK_SEARCH_PATHS = (
					"$(SDKROOT)/Developer/Library/Frameworks",
					"$(inherited)",
				);
				GCC_PREPROCESSOR_DEFINITIONS = (
					"DEBUG=1",
					"$(inherited)",
				);
				INFOPLIST_FILE = adlibrTestUniversalTests/Info.plist;
				LD_RUNPATH_SEARCH_PATHS = "$(inherited) @executable_path/Frameworks @loader_path/Frameworks";
				PRODUCT_NAME = "$(TARGET_NAME)";
				TEST_HOST = "$(BUILT_PRODUCTS_DIR)/adlibrTestUniversal.app/adlibrTestUniversal";
			};
			name = Debug;
		};
		B002BFD91AA5C250003D1CD3 /* Release */ = {
			isa = XCBuildConfiguration;
			buildSettings = {
				BUNDLE_LOADER = "$(TEST_HOST)";
				FRAMEWORK_SEARCH_PATHS = (
					"$(SDKROOT)/Developer/Library/Frameworks",
					"$(inherited)",
				);
				INFOPLIST_FILE = adlibrTestUniversalTests/Info.plist;
				LD_RUNPATH_SEARCH_PATHS = "$(inherited) @executable_path/Frameworks @loader_path/Frameworks";
				PRODUCT_NAME = "$(TARGET_NAME)";
				TEST_HOST = "$(BUILT_PRODUCTS_DIR)/adlibrTestUniversal.app/adlibrTestUniversal";
			};
			name = Release;
		};
/* End XCBuildConfiguration section */

/* Begin XCConfigurationList section */
		B002BFAC1AA5C250003D1CD3 /* Build configuration list for PBXProject "adlibrTestUniversal" */ = {
			isa = XCConfigurationList;
			buildConfigurations = (
				B002BFD21AA5C250003D1CD3 /* Debug */,
				B002BFD31AA5C250003D1CD3 /* Release */,
			);
			defaultConfigurationIsVisible = 0;
			defaultConfigurationName = Release;
		};
		B002BFD41AA5C250003D1CD3 /* Build configuration list for PBXNativeTarget "adlibrTestUniversal" */ = {
			isa = XCConfigurationList;
			buildConfigurations = (
				B002BFD51AA5C250003D1CD3 /* Debug */,
				B002BFD61AA5C250003D1CD3 /* Release */,
			);
			defaultConfigurationIsVisible = 0;
			defaultConfigurationName = Release;
		};
		B002BFD71AA5C250003D1CD3 /* Build configuration list for PBXNativeTarget "adlibrTestUniversalTests" */ = {
			isa = XCConfigurationList;
			buildConfigurations = (
				B002BFD81AA5C250003D1CD3 /* Debug */,
				B002BFD91AA5C250003D1CD3 /* Release */,
			);
			defaultConfigurationIsVisible = 0;
			defaultConfigurationName = Release;
		};
/* End XCConfigurationList section */
	};
	rootObject = B002BFA91AA5C250003D1CD3 /* Project object */;
}
