// !$*UTF8*$!
{
	archiveVersion = 1;
	classes = {
	};
	objectVersion = 46;
	objects = {

/* Begin PBXBuildFile section */
		B002BFB71AA5C250003D1CD3 /* main.m in Sources */ = {isa = PBXBuildFile; fileRef = B002BFB61AA5C250003D1CD3 /* main.m */; };
		B002BFBA1AA5C250003D1CD3 /* AppDelegate.m in Sources */ = {isa = PBXBuildFile; fileRef = B002BFB91AA5C250003D1CD3 /* AppDelegate.m */; };
		B002BFC01AA5C250003D1CD3 /* Main.storyboard in Resources */ = {isa = PBXBuildFile; fileRef = B002BFBE1AA5C250003D1CD3 /* Main.storyboard */; };
		B002BFC21AA5C250003D1CD3 /* Images.xcassets in Resources */ = {isa = PBXBuildFile; fileRef = B002BFC11AA5C250003D1CD3 /* Images.xcassets */; };
		B002BFC51AA5C250003D1CD3 /* LaunchScreen.xib in Resources */ = {isa = PBXBuildFile; fileRef = B002BFC31AA5C250003D1CD3 /* LaunchScreen.xib */; };
		B002C0611AA5C4AC003D1CD3 /* AVFoundation.framework in Frameworks */ = {isa = PBXBuildFile; fileRef = B002C0601AA5C4AC003D1CD3 /* AVFoundation.framework */; };
		B002C0631AA5C4B8003D1CD3 /* AdSupport.framework in Frameworks */ = {isa = PBXBuildFile; fileRef = B002C0621AA5C4B8003D1CD3 /* AdSupport.framework */; };
		B002C0651AA5C4BE003D1CD3 /* CoreTelephony.framework in Frameworks */ = {isa = PBXBuildFile; fileRef = B002C0641AA5C4BE003D1CD3 /* CoreTelephony.framework */; };
		B002C0671AA5C4C3003D1CD3 /* CoreMedia.framework in Frameworks */ = {isa = PBXBuildFile; fileRef = B002C0661AA5C4C3003D1CD3 /* CoreMedia.framework */; };
		B002C0691AA5C4C8003D1CD3 /* libxml2.dylib in Frameworks */ = {isa = PBXBuildFile; fileRef = B002C0681AA5C4C8003D1CD3 /* libxml2.dylib */; };
		B002C0711AA5C58D003D1CD3 /* BannerXibViewController.m in Sources */ = {isa = PBXBuildFile; fileRef = B002C06C1AA5C58D003D1CD3 /* BannerXibViewController.m */; };
		B002C0721AA5C58D003D1CD3 /* MediationBannerViewController.m in Sources */ = {isa = PBXBuildFile; fileRef = B002C06E1AA5C58D003D1CD3 /* MediationBannerViewController.m */; };
		B023EC2E1CBCFC3200D1E03E /* Adlib.framework in Frameworks */ = {isa = PBXBuildFile; fileRef = B023EC2D1CBCFC3200D1E03E /* Adlib.framework */; };
		B0CAC1AB1C50AE1300B44787 /* ADIconAdController.m in Sources */ = {isa = PBXBuildFile; fileRef = B0CAC1AA1C50AE1300B44787 /* ADIconAdController.m */; };
		B0DB3F391B4E5FE700279CBC /* sample_list.json in Resources */ = {isa = PBXBuildFile; fileRef = B0DB3F231B4E5FE700279CBC /* sample_list.json */; };
		B0DB3F3A1B4E5FE700279CBC /* sample_song.json in Resources */ = {isa = PBXBuildFile; fileRef = B0DB3F241B4E5FE700279CBC /* sample_song.json */; };
		B0DB3F3B1B4E5FE700279CBC /* SampleFeedItem.m in Sources */ = {isa = PBXBuildFile; fileRef = B0DB3F261B4E5FE700279CBC /* SampleFeedItem.m */; };
		B0DB3F3C1B4E5FE700279CBC /* ALExampleMusicAdCell.m in Sources */ = {isa = PBXBuildFile; fileRef = B0DB3F291B4E5FE700279CBC /* ALExampleMusicAdCell.m */; };
		B0DB3F3D1B4E5FE700279CBC /* ALExampleMusicAdCell.xib in Resources */ = {isa = PBXBuildFile; fileRef = B0DB3F2A1B4E5FE700279CBC /* ALExampleMusicAdCell.xib */; };
		B0DB3F3E1B4E5FE700279CBC /* SongListTableViewCell.m in Sources */ = {isa = PBXBuildFile; fileRef = B0DB3F2C1B4E5FE700279CBC /* SongListTableViewCell.m */; };
		B0DB3F3F1B4E5FE700279CBC /* SongListTableViewController.m in Sources */ = {isa = PBXBuildFile; fileRef = B0DB3F2E1B4E5FE700279CBC /* SongListTableViewController.m */; };
		B0DB3F401B4E5FE700279CBC /* ALExampleFeedVideoAdCell.xib in Resources */ = {isa = PBXBuildFile; fileRef = B0DB3F301B4E5FE700279CBC /* ALExampleFeedVideoAdCell.xib */; };
		B0DB3F411B4E5FE700279CBC /* ALExampleSimpleFeedAdCell.m in Sources */ = {isa = PBXBuildFile; fileRef = B0DB3F321B4E5FE700279CBC /* ALExampleSimpleFeedAdCell.m */; };
		B0DB3F421B4E5FE700279CBC /* ALExampleFeedImageAdCell.xib in Resources */ = {isa = PBXBuildFile; fileRef = B0DB3F331B4E5FE700279CBC /* ALExampleFeedImageAdCell.xib */; };
		B0DB3F431B4E5FE700279CBC /* SimpleFeedListTableViewCell.m in Sources */ = {isa = PBXBuildFile; fileRef = B0DB3F351B4E5FE700279CBC /* SimpleFeedListTableViewCell.m */; };
		B0DB3F441B4E5FE700279CBC /* SimpleFeedListTableViewCell.xib in Resources */ = {isa = PBXBuildFile; fileRef = B0DB3F361B4E5FE700279CBC /* SimpleFeedListTableViewCell.xib */; };
		B0DB3F451B4E5FE700279CBC /* SimpleFeedListTableViewController.m in Sources */ = {isa = PBXBuildFile; fileRef = B0DB3F381B4E5FE700279CBC /* SimpleFeedListTableViewController.m */; };
		B0E2C76B1B297EF8006F9BC3 /* _TriDCommon.lua in Resources */ = {isa = PBXBuildFile; fileRef = B0E2C7661B297EF8006F9BC3 /* _TriDCommon.lua */; };
		B0E2C76C1B297EF9006F9BC3 /* _TriDDynamicData.lua in Resources */ = {isa = PBXBuildFile; fileRef = B0E2C7671B297EF8006F9BC3 /* _TriDDynamicData.lua */; };
		B0E2C76D1B297EF9006F9BC3 /* _TriDStartup.lua in Resources */ = {isa = PBXBuildFile; fileRef = B0E2C7681B297EF8006F9BC3 /* _TriDStartup.lua */; };
		B0E2C76E1B297EF9006F9BC3 /* Adlib.bundle in Resources */ = {isa = PBXBuildFile; fileRef = B0E2C7691B297EF8006F9BC3 /* Adlib.bundle */; };
		B0E2C76F1B297EF9006F9BC3 /* json.lua in Resources */ = {isa = PBXBuildFile; fileRef = B0E2C76A1B297EF8006F9BC3 /* json.lua */; };
		B0F90E161B27E35F00A757DD /* libstdc++.6.0.9.dylib in Frameworks */ = {isa = PBXBuildFile; fileRef = B0F90E151B27E35F00A757DD /* libstdc++.6.0.9.dylib */; };
/* End PBXBuildFile section */

/* Begin PBXFileReference section */
		B002BFB11AA5C250003D1CD3 /* adlibrTestUniversal.app */ = {isa = PBXFileReference; explicitFileType = wrapper.application; includeInIndex = 0; path = adlibrTestUniversal.app; sourceTree = BUILT_PRODUCTS_DIR; };
		B002BFB51AA5C250003D1CD3 /* Info.plist */ = {isa = PBXFileReference; lastKnownFileType = text.plist.xml; path = Info.plist; sourceTree = "<group>"; };
		B002BFB61AA5C250003D1CD3 /* main.m */ = {isa = PBXFileReference; lastKnownFileType = sourcecode.c.objc; path = main.m; sourceTree = "<group>"; };
		B002BFB81AA5C250003D1CD3 /* AppDelegate.h */ = {isa = PBXFileReference; lastKnownFileType = sourcecode.c.h; path = AppDelegate.h; sourceTree = "<group>"; };
		B002BFB91AA5C250003D1CD3 /* AppDelegate.m */ = {isa = PBXFileReference; lastKnownFileType = sourcecode.c.objc; path = AppDelegate.m; sourceTree = "<group>"; };
		B002BFBF1AA5C250003D1CD3 /* Base */ = {isa = PBXFileReference; lastKnownFileType = file.storyboard; name = Base; path = Base.lproj/Main.storyboard; sourceTree = "<group>"; };
		B002BFC11AA5C250003D1CD3 /* Images.xcassets */ = {isa = PBXFileReference; lastKnownFileType = folder.assetcatalog; path = Images.xcassets; sourceTree = "<group>"; };
		B002BFC41AA5C250003D1CD3 /* Base */ = {isa = PBXFileReference; lastKnownFileType = file.xib; name = Base; path = Base.lproj/LaunchScreen.xib; sourceTree = "<group>"; };
		B002BFCF1AA5C250003D1CD3 /* Info.plist */ = {isa = PBXFileReference; lastKnownFileType = text.plist.xml; path = Info.plist; sourceTree = "<group>"; };
		B002BFD01AA5C250003D1CD3 /* adlibrTestUniversalTests.m */ = {isa = PBXFileReference; lastKnownFileType = sourcecode.c.objc; path = adlibrTestUniversalTests.m; sourceTree = "<group>"; };
		B002C0601AA5C4AC003D1CD3 /* AVFoundation.framework */ = {isa = PBXFileReference; lastKnownFileType = wrapper.framework; name = AVFoundation.framework; path = System/Library/Frameworks/AVFoundation.framework; sourceTree = SDKROOT; };
		B002C0621AA5C4B8003D1CD3 /* AdSupport.framework */ = {isa = PBXFileReference; lastKnownFileType = wrapper.framework; name = AdSupport.framework; path = System/Library/Frameworks/AdSupport.framework; sourceTree = SDKROOT; };
		B002C0641AA5C4BE003D1CD3 /* CoreTelephony.framework */ = {isa = PBXFileReference; lastKnownFileType = wrapper.framework; name = CoreTelephony.framework; path = System/Library/Frameworks/CoreTelephony.framework; sourceTree = SDKROOT; };
		B002C0661AA5C4C3003D1CD3 /* CoreMedia.framework */ = {isa = PBXFileReference; lastKnownFileType = wrapper.framework; name = CoreMedia.framework; path = System/Library/Frameworks/CoreMedia.framework; sourceTree = SDKROOT; };
		B002C0681AA5C4C8003D1CD3 /* libxml2.dylib */ = {isa = PBXFileReference; lastKnownFileType = "compiled.mach-o.dylib"; name = libxml2.dylib; path = usr/lib/libxml2.dylib; sourceTree = SDKROOT; };
		B002C06B1AA5C58D003D1CD3 /* BannerXibViewController.h */ = {isa = PBXFileReference; fileEncoding = 4; lastKnownFileType = sourcecode.c.h; path = BannerXibViewController.h; sourceTree = "<group>"; };
		B002C06C1AA5C58D003D1CD3 /* BannerXibViewController.m */ = {isa = PBXFileReference; fileEncoding = 4; lastKnownFileType = sourcecode.c.objc; path = BannerXibViewController.m; sourceTree = "<group>"; };
		B002C06D1AA5C58D003D1CD3 /* MediationBannerViewController.h */ = {isa = PBXFileReference; fileEncoding = 4; lastKnownFileType = sourcecode.c.h; path = MediationBannerViewController.h; sourceTree = "<group>"; };
		B002C06E1AA5C58D003D1CD3 /* MediationBannerViewController.m */ = {isa = PBXFileReference; fileEncoding = 4; lastKnownFileType = sourcecode.c.objc; path = MediationBannerViewController.m; sourceTree = "<group>"; };
		B023EC2D1CBCFC3200D1E03E /* Adlib.framework */ = {isa = PBXFileReference; lastKnownFileType = wrapper.framework; path = Adlib.framework; sourceTree = "<group>"; };
		B0CAC1A91C50AE1300B44787 /* ADIconAdController.h */ = {isa = PBXFileReference; fileEncoding = 4; lastKnownFileType = sourcecode.c.h; path = ADIconAdController.h; sourceTree = "<group>"; };
		B0CAC1AA1C50AE1300B44787 /* ADIconAdController.m */ = {isa = PBXFileReference; fileEncoding = 4; lastKnownFileType = sourcecode.c.objc; path = ADIconAdController.m; sourceTree = "<group>"; };
		B0DB3F231B4E5FE700279CBC /* sample_list.json */ = {isa = PBXFileReference; fileEncoding = 4; lastKnownFileType = text.json; path = sample_list.json; sourceTree = "<group>"; };
		B0DB3F241B4E5FE700279CBC /* sample_song.json */ = {isa = PBXFileReference; fileEncoding = 4; lastKnownFileType = text.json; path = sample_song.json; sourceTree = "<group>"; };
		B0DB3F251B4E5FE700279CBC /* SampleFeedItem.h */ = {isa = PBXFileReference; fileEncoding = 4; lastKnownFileType = sourcecode.c.h; path = SampleFeedItem.h; sourceTree = "<group>"; };
		B0DB3F261B4E5FE700279CBC /* SampleFeedItem.m */ = {isa = PBXFileReference; fileEncoding = 4; lastKnownFileType = sourcecode.c.objc; path = SampleFeedItem.m; sourceTree = "<group>"; };
		B0DB3F281B4E5FE700279CBC /* ALExampleMusicAdCell.h */ = {isa = PBXFileReference; fileEncoding = 4; lastKnownFileType = sourcecode.c.h; path = ALExampleMusicAdCell.h; sourceTree = "<group>"; };
		B0DB3F291B4E5FE700279CBC /* ALExampleMusicAdCell.m */ = {isa = PBXFileReference; fileEncoding = 4; lastKnownFileType = sourcecode.c.objc; path = ALExampleMusicAdCell.m; sourceTree = "<group>"; };
		B0DB3F2A1B4E5FE700279CBC /* ALExampleMusicAdCell.xib */ = {isa = PBXFileReference; fileEncoding = 4; lastKnownFileType = file.xib; path = ALExampleMusicAdCell.xib; sourceTree = "<group>"; };
		B0DB3F2B1B4E5FE700279CBC /* SongListTableViewCell.h */ = {isa = PBXFileReference; fileEncoding = 4; lastKnownFileType = sourcecode.c.h; path = SongListTableViewCell.h; sourceTree = "<group>"; };
		B0DB3F2C1B4E5FE700279CBC /* SongListTableViewCell.m */ = {isa = PBXFileReference; fileEncoding = 4; lastKnownFileType = sourcecode.c.objc; path = SongListTableViewCell.m; sourceTree = "<group>"; };
		B0DB3F2D1B4E5FE700279CBC /* SongListTableViewController.h */ = {isa = PBXFileReference; fileEncoding = 4; lastKnownFileType = sourcecode.c.h; path = SongListTableViewController.h; sourceTree = "<group>"; };
		B0DB3F2E1B4E5FE700279CBC /* SongListTableViewController.m */ = {isa = PBXFileReference; fileEncoding = 4; lastKnownFileType = sourcecode.c.objc; path = SongListTableViewController.m; sourceTree = "<group>"; };
		B0DB3F301B4E5FE700279CBC /* ALExampleFeedVideoAdCell.xib */ = {isa = PBXFileReference; fileEncoding = 4; lastKnownFileType = file.xib; path = ALExampleFeedVideoAdCell.xib; sourceTree = "<group>"; };
		B0DB3F311B4E5FE700279CBC /* ALExampleSimpleFeedAdCell.h */ = {isa = PBXFileReference; fileEncoding = 4; lastKnownFileType = sourcecode.c.h; path = ALExampleSimpleFeedAdCell.h; sourceTree = "<group>"; };
		B0DB3F321B4E5FE700279CBC /* ALExampleSimpleFeedAdCell.m */ = {isa = PBXFileReference; fileEncoding = 4; lastKnownFileType = sourcecode.c.objc; path = ALExampleSimpleFeedAdCell.m; sourceTree = "<group>"; };
		B0DB3F331B4E5FE700279CBC /* ALExampleFeedImageAdCell.xib */ = {isa = PBXFileReference; fileEncoding = 4; lastKnownFileType = file.xib; path = ALExampleFeedImageAdCell.xib; sourceTree = "<group>"; };
		B0DB3F341B4E5FE700279CBC /* SimpleFeedListTableViewCell.h */ = {isa = PBXFileReference; fileEncoding = 4; lastKnownFileType = sourcecode.c.h; path = SimpleFeedListTableViewCell.h; sourceTree = "<group>"; };
		B0DB3F351B4E5FE700279CBC /* SimpleFeedListTableViewCell.m */ = {isa = PBXFileReference; fileEncoding = 4; lastKnownFileType = sourcecode.c.objc; path = SimpleFeedListTableViewCell.m; sourceTree = "<group>"; };
		B0DB3F361B4E5FE700279CBC /* SimpleFeedListTableViewCell.xib */ = {isa = PBXFileReference; fileEncoding = 4; lastKnownFileType = file.xib; path = SimpleFeedListTableViewCell.xib; sourceTree = "<group>"; };
		B0DB3F371B4E5FE700279CBC /* SimpleFeedListTableViewController.h */ = {isa = PBXFileReference; fileEncoding = 4; lastKnownFileType = sourcecode.c.h; path = SimpleFeedListTableViewController.h; sourceTree = "<group>"; };
		B0DB3F381B4E5FE700279CBC /* SimpleFeedListTableViewController.m */ = {isa = PBXFileReference; fileEncoding = 4; lastKnownFileType = sourcecode.c.objc; path = SimpleFeedListTableViewController.m; sourceTree = "<group>"; };
		B0E2C7661B297EF8006F9BC3 /* _TriDCommon.lua */ = {isa = PBXFileReference; fileEncoding = 4; lastKnownFileType = text; path = _TriDCommon.lua; sourceTree = "<group>"; };
		B0E2C7671B297EF8006F9BC3 /* _TriDDynamicData.lua */ = {isa = PBXFileReference; fileEncoding = 4; lastKnownFileType = text; path = _TriDDynamicData.lua; sourceTree = "<group>"; };
		B0E2C7681B297EF8006F9BC3 /* _TriDStartup.lua */ = {isa = PBXFileReference; fileEncoding = 4; lastKnownFileType = text; path = _TriDStartup.lua; sourceTree = "<group>"; };
		B0E2C7691B297EF8006F9BC3 /* Adlib.bundle */ = {isa = PBXFileReference; lastKnownFileType = "wrapper.plug-in"; path = Adlib.bundle; sourceTree = "<group>"; };
		B0E2C76A1B297EF8006F9BC3 /* json.lua */ = {isa = PBXFileReference; fileEncoding = 4; lastKnownFileType = text; path = json.lua; sourceTree = "<group>"; };
		B0F90E151B27E35F00A757DD /* libstdc++.6.0.9.dylib */ = {isa = PBXFileReference; lastKnownFileType = "compiled.mach-o.dylib"; name = "libstdc++.6.0.9.dylib"; path = "usr/lib/libstdc++.6.0.9.dylib"; sourceTree = SDKROOT; };
/* End PBXFileReference section */

/* Begin PBXFrameworksBuildPhase section */
		B002BFAE1AA5C250003D1CD3 /* Frameworks */ = {
			isa = PBXFrameworksBuildPhase;
			buildActionMask = 2147483647;
			files = (
				B0F90E161B27E35F00A757DD /* libstdc++.6.0.9.dylib in Frameworks */,
				B002C0691AA5C4C8003D1CD3 /* libxml2.dylib in Frameworks */,
				B002C0671AA5C4C3003D1CD3 /* CoreMedia.framework in Frameworks */,
				B002C0651AA5C4BE003D1CD3 /* CoreTelephony.framework in Frameworks */,
				B023EC2E1CBCFC3200D1E03E /* Adlib.framework in Frameworks */,
				B002C0631AA5C4B8003D1CD3 /* AdSupport.framework in Frameworks */,
				B002C0611AA5C4AC003D1CD3 /* AVFoundation.framework in Frameworks */,
			);
			runOnlyForDeploymentPostprocessing = 0;
		};
/* End PBXFrameworksBuildPhase section */

/* Begin PBXGroup section */
		B002BFA81AA5C250003D1CD3 = {
			isa = PBXGroup;
			children = (
				B002BFB31AA5C250003D1CD3 /* adlibrTestUniversal */,
				B002BFCD1AA5C250003D1CD3 /* adlibrTestUniversalTests */,
				B002BFB21AA5C250003D1CD3 /* Products */,
			);
			sourceTree = "<group>";
		};
		B002BFB21AA5C250003D1CD3 /* Products */ = {
			isa = PBXGroup;
			children = (
				B002BFB11AA5C250003D1CD3 /* adlibrTestUniversal.app */,
			);
			name = Products;
			sourceTree = "<group>";
		};
		B002BFB31AA5C250003D1CD3 /* adlibrTestUniversal */ = {
			isa = PBXGroup;
			children = (
				B002BFDB1AA5C344003D1CD3 /* ads */,
				B0E2C7651B297EF8006F9BC3 /* AdlibResources */,
				B0EF52B31B4CE76500D8577E /* NativeAdSample */,
				B0CAC1A81C50AE1300B44787 /* IConAdSample */,
				B002C06D1AA5C58D003D1CD3 /* MediationBannerViewController.h */,
				B002C06E1AA5C58D003D1CD3 /* MediationBannerViewController.m */,
				B002C06B1AA5C58D003D1CD3 /* BannerXibViewController.h */,
				B002C06C1AA5C58D003D1CD3 /* BannerXibViewController.m */,
				B002BFB81AA5C250003D1CD3 /* AppDelegate.h */,
				B002BFB91AA5C250003D1CD3 /* AppDelegate.m */,
				B002BFBE1AA5C250003D1CD3 /* Main.storyboard */,
				B002BFC11AA5C250003D1CD3 /* Images.xcassets */,
				B002BFC31AA5C250003D1CD3 /* LaunchScreen.xib */,
				B002C06A1AA5C4DA003D1CD3 /* Frameworks */,
				B002BFB41AA5C250003D1CD3 /* Supporting Files */,
			);
			path = adlibrTestUniversal;
			sourceTree = "<group>";
		};
		B002BFB41AA5C250003D1CD3 /* Supporting Files */ = {
			isa = PBXGroup;
			children = (
				B002BFB51AA5C250003D1CD3 /* Info.plist */,
				B002BFB61AA5C250003D1CD3 /* main.m */,
			);
			name = "Supporting Files";
			sourceTree = "<group>";
		};
		B002BFCD1AA5C250003D1CD3 /* adlibrTestUniversalTests */ = {
			isa = PBXGroup;
			children = (
				B002BFD01AA5C250003D1CD3 /* adlibrTestUniversalTests.m */,
				B002BFCE1AA5C250003D1CD3 /* Supporting Files */,
			);
			path = adlibrTestUniversalTests;
			sourceTree = "<group>";
		};
		B002BFCE1AA5C250003D1CD3 /* Supporting Files */ = {
			isa = PBXGroup;
			children = (
				B002BFCF1AA5C250003D1CD3 /* Info.plist */,
			);
			name = "Supporting Files";
			sourceTree = "<group>";
		};
		B002BFDB1AA5C344003D1CD3 /* ads */ = {
			isa = PBXGroup;
			children = (
				B0CAC1A21C50AD5400B44787 /* ads_platform */,
				B002BFDC1AA5C344003D1CD3 /* adlib.mocoplex */,
			);
			path = ads;
			sourceTree = "<group>";
		};
		B002BFDC1AA5C344003D1CD3 /* adlib.mocoplex */ = {
			isa = PBXGroup;
			children = (
				B002BFDE1AA5C344003D1CD3 /* SubAdView */,
			);
			path = adlib.mocoplex;
			sourceTree = "<group>";
		};
		B002BFDE1AA5C344003D1CD3 /* SubAdView */ = {
			isa = PBXGroup;
			children = (
			);
			path = SubAdView;
			sourceTree = "<group>";
		};
		B002C06A1AA5C4DA003D1CD3 /* Frameworks */ = {
			isa = PBXGroup;
			children = (
				B023EC2D1CBCFC3200D1E03E /* Adlib.framework */,
				B0F90E151B27E35F00A757DD /* libstdc++.6.0.9.dylib */,
				B002C0681AA5C4C8003D1CD3 /* libxml2.dylib */,
				B002C0661AA5C4C3003D1CD3 /* CoreMedia.framework */,
				B002C0641AA5C4BE003D1CD3 /* CoreTelephony.framework */,
				B002C0621AA5C4B8003D1CD3 /* AdSupport.framework */,
				B002C0601AA5C4AC003D1CD3 /* AVFoundation.framework */,
			);
			name = Frameworks;
			sourceTree = "<group>";
		};
		B0CAC1A21C50AD5400B44787 /* ads_platform */ = {
			isa = PBXGroup;
			children = (
			);
			path = ads_platform;
			sourceTree = "<group>";
		};
		B0CAC1A81C50AE1300B44787 /* IConAdSample */ = {
			isa = PBXGroup;
			children = (
				B0CAC1A91C50AE1300B44787 /* ADIconAdController.h */,
				B0CAC1AA1C50AE1300B44787 /* ADIconAdController.m */,
			);
			path = IConAdSample;
			sourceTree = "<group>";
		};
		B0DB3F221B4E5FE700279CBC /* res */ = {
			isa = PBXGroup;
			children = (
				B0DB3F231B4E5FE700279CBC /* sample_list.json */,
				B0DB3F241B4E5FE700279CBC /* sample_song.json */,
				B0DB3F251B4E5FE700279CBC /* SampleFeedItem.h */,
				B0DB3F261B4E5FE700279CBC /* SampleFeedItem.m */,
			);
			path = res;
			sourceTree = "<group>";
		};
		B0DB3F271B4E5FE700279CBC /* sample1 */ = {
			isa = PBXGroup;
			children = (
				B0DB3F281B4E5FE700279CBC /* ALExampleMusicAdCell.h */,
				B0DB3F291B4E5FE700279CBC /* ALExampleMusicAdCell.m */,
				B0DB3F2A1B4E5FE700279CBC /* ALExampleMusicAdCell.xib */,
				B0DB3F2B1B4E5FE700279CBC /* SongListTableViewCell.h */,
				B0DB3F2C1B4E5FE700279CBC /* SongListTableViewCell.m */,
				B0DB3F2D1B4E5FE700279CBC /* SongListTableViewController.h */,
				B0DB3F2E1B4E5FE700279CBC /* SongListTableViewController.m */,
			);
			path = sample1;
			sourceTree = "<group>";
		};
		B0DB3F2F1B4E5FE700279CBC /* sample2 */ = {
			isa = PBXGroup;
			children = (
				B0DB3F301B4E5FE700279CBC /* ALExampleFeedVideoAdCell.xib */,
				B0DB3F331B4E5FE700279CBC /* ALExampleFeedImageAdCell.xib */,
				B0DB3F311B4E5FE700279CBC /* ALExampleSimpleFeedAdCell.h */,
				B0DB3F321B4E5FE700279CBC /* ALExampleSimpleFeedAdCell.m */,
				B0DB3F341B4E5FE700279CBC /* SimpleFeedListTableViewCell.h */,
				B0DB3F351B4E5FE700279CBC /* SimpleFeedListTableViewCell.m */,
				B0DB3F361B4E5FE700279CBC /* SimpleFeedListTableViewCell.xib */,
				B0DB3F371B4E5FE700279CBC /* SimpleFeedListTableViewController.h */,
				B0DB3F381B4E5FE700279CBC /* SimpleFeedListTableViewController.m */,
			);
			path = sample2;
			sourceTree = "<group>";
		};
		B0E2C7651B297EF8006F9BC3 /* AdlibResources */ = {
			isa = PBXGroup;
			children = (
				B0E2C7691B297EF8006F9BC3 /* Adlib.bundle */,
				B0E2C7661B297EF8006F9BC3 /* _TriDCommon.lua */,
				B0E2C7671B297EF8006F9BC3 /* _TriDDynamicData.lua */,
				B0E2C7681B297EF8006F9BC3 /* _TriDStartup.lua */,
				B0E2C76A1B297EF8006F9BC3 /* json.lua */,
			);
			path = AdlibResources;
			sourceTree = "<group>";
		};
		B0EF52B31B4CE76500D8577E /* NativeAdSample */ = {
			isa = PBXGroup;
			children = (
				B0DB3F221B4E5FE700279CBC /* res */,
				B0DB3F271B4E5FE700279CBC /* sample1 */,
				B0DB3F2F1B4E5FE700279CBC /* sample2 */,
			);
			path = NativeAdSample;
			sourceTree = "<group>";
		};
/* End PBXGroup section */

/* Begin PBXNativeTarget section */
		B002BFB01AA5C250003D1CD3 /* adlibrTestUniversal */ = {
			isa = PBXNativeTarget;
			buildConfigurationList = B002BFD41AA5C250003D1CD3 /* Build configuration list for PBXNativeTarget "adlibrTestUniversal" */;
			buildPhases = (
				B002BFAD1AA5C250003D1CD3 /* Sources */,
				B002BFAE1AA5C250003D1CD3 /* Frameworks */,
				B002BFAF1AA5C250003D1CD3 /* Resources */,
			);
			buildRules = (
			);
			dependencies = (
			);
			name = adlibrTestUniversal;
			productName = adlibrTestUniversal;
			productReference = B002BFB11AA5C250003D1CD3 /* adlibrTestUniversal.app */;
			productType = "com.apple.product-type.application";
		};
/* End PBXNativeTarget section */

/* Begin PBXProject section */
		B002BFA91AA5C250003D1CD3 /* Project object */ = {
			isa = PBXProject;
			attributes = {
				LastUpgradeCheck = 0700;
				ORGANIZATIONNAME = adlibr;
				TargetAttributes = {
					B002BFB01AA5C250003D1CD3 = {
						CreatedOnToolsVersion = 6.1.1;
					};
				};
			};
			buildConfigurationList = B002BFAC1AA5C250003D1CD3 /* Build configuration list for PBXProject "adlibrTestUniversal" */;
			compatibilityVersion = "Xcode 3.2";
			developmentRegion = English;
			hasScannedForEncodings = 0;
			knownRegions = (
				en,
				Base,
			);
			mainGroup = B002BFA81AA5C250003D1CD3;
			productRefGroup = B002BFB21AA5C250003D1CD3 /* Products */;
			projectDirPath = "";
			projectRoot = "";
			targets = (
				B002BFB01AA5C250003D1CD3 /* adlibrTestUniversal */,
			);
		};
/* End PBXProject section */

/* Begin PBXResourcesBuildPhase section */
		B002BFAF1AA5C250003D1CD3 /* Resources */ = {
			isa = PBXResourcesBuildPhase;
			buildActionMask = 2147483647;
			files = (
				B0E2C76F1B297EF9006F9BC3 /* json.lua in Resources */,
				B0E2C76D1B297EF9006F9BC3 /* _TriDStartup.lua in Resources */,
				B0DB3F421B4E5FE700279CBC /* ALExampleFeedImageAdCell.xib in Resources */,
				B0E2C76B1B297EF8006F9BC3 /* _TriDCommon.lua in Resources */,
				B0DB3F391B4E5FE700279CBC /* sample_list.json in Resources */,
				B0DB3F3A1B4E5FE700279CBC /* sample_song.json in Resources */,
				B0E2C76C1B297EF9006F9BC3 /* _TriDDynamicData.lua in Resources */,
				B0DB3F441B4E5FE700279CBC /* SimpleFeedListTableViewCell.xib in Resources */,
				B0E2C76E1B297EF9006F9BC3 /* Adlib.bundle in Resources */,
				B0DB3F3D1B4E5FE700279CBC /* ALExampleMusicAdCell.xib in Resources */,
				B002BFC21AA5C250003D1CD3 /* Images.xcassets in Resources */,
				B002BFC51AA5C250003D1CD3 /* LaunchScreen.xib in Resources */,
				B0DB3F401B4E5FE700279CBC /* ALExampleFeedVideoAdCell.xib in Resources */,
				B002BFC01AA5C250003D1CD3 /* Main.storyboard in Resources */,
			);
			runOnlyForDeploymentPostprocessing = 0;
		};
/* End PBXResourcesBuildPhase section */

/* Begin PBXSourcesBuildPhase section */
		B002BFAD1AA5C250003D1CD3 /* Sources */ = {
			isa = PBXSourcesBuildPhase;
			buildActionMask = 2147483647;
			files = (
				B0DB3F411B4E5FE700279CBC /* ALExampleSimpleFeedAdCell.m in Sources */,
				B0DB3F3C1B4E5FE700279CBC /* ALExampleMusicAdCell.m in Sources */,
				B0DB3F3B1B4E5FE700279CBC /* SampleFeedItem.m in Sources */,
				B0DB3F3F1B4E5FE700279CBC /* SongListTableViewController.m in Sources */,
				B002BFBA1AA5C250003D1CD3 /* AppDelegate.m in Sources */,
				B0DB3F451B4E5FE700279CBC /* SimpleFeedListTableViewController.m in Sources */,
				B0CAC1AB1C50AE1300B44787 /* ADIconAdController.m in Sources */,
				B0DB3F431B4E5FE700279CBC /* SimpleFeedListTableViewCell.m in Sources */,
				B002C0721AA5C58D003D1CD3 /* MediationBannerViewController.m in Sources */,
				B002C0711AA5C58D003D1CD3 /* BannerXibViewController.m in Sources */,
				B002BFB71AA5C250003D1CD3 /* main.m in Sources */,
				B0DB3F3E1B4E5FE700279CBC /* SongListTableViewCell.m in Sources */,
			);
			runOnlyForDeploymentPostprocessing = 0;
		};
/* End PBXSourcesBuildPhase section */

/* Begin PBXVariantGroup section */
		B002BFBE1AA5C250003D1CD3 /* Main.storyboard */ = {
			isa = PBXVariantGroup;
			children = (
				B002BFBF1AA5C250003D1CD3 /* Base */,
			);
			name = Main.storyboard;
			sourceTree = "<group>";
		};
		B002BFC31AA5C250003D1CD3 /* LaunchScreen.xib */ = {
			isa = PBXVariantGroup;
			children = (
				B002BFC41AA5C250003D1CD3 /* Base */,
			);
			name = LaunchScreen.xib;
			sourceTree = "<group>";
		};
/* End PBXVariantGroup section */

/* Begin XCBuildConfiguration section */
		B002BFD21AA5C250003D1CD3 /* Debug */ = {
			isa = XCBuildConfiguration;
			buildSettings = {
				ALWAYS_SEARCH_USER_PATHS = NO;
				CLANG_CXX_LANGUAGE_STANDARD = "gnu++0x";
				CLANG_CXX_LIBRARY = "libc++";
				CLANG_ENABLE_MODULES = YES;
				CLANG_ENABLE_OBJC_ARC = YES;
				CLANG_WARN_BOOL_CONVERSION = YES;
				CLANG_WARN_CONSTANT_CONVERSION = YES;
				CLANG_WARN_DIRECT_OBJC_ISA_USAGE = YES_ERROR;
				CLANG_WARN_EMPTY_BODY = YES;
				CLANG_WARN_ENUM_CONVERSION = YES;
				CLANG_WARN_INT_CONVERSION = YES;
				CLANG_WARN_OBJC_ROOT_CLASS = YES_ERROR;
				CLANG_WARN_UNREACHABLE_CODE = YES;
				CLANG_WARN__DUPLICATE_METHOD_MATCH = YES;
				"CODE_SIGN_IDENTITY[sdk=iphoneos*]" = "iPhone Developer";
				COPY_PHASE_STRIP = NO;
				ENABLE_BITCODE = NO;
				ENABLE_STRICT_OBJC_MSGSEND = YES;
				ENABLE_TESTABILITY = YES;
				GCC_C_LANGUAGE_STANDARD = gnu99;
				GCC_DYNAMIC_NO_PIC = NO;
				GCC_OPTIMIZATION_LEVEL = 0;
				GCC_PREPROCESSOR_DEFINITIONS = (
					"DEBUG=1",
					"$(inherited)",
				);
				GCC_SYMBOLS_PRIVATE_EXTERN = NO;
				GCC_WARN_64_TO_32_BIT_CONVERSION = YES;
				GCC_WARN_ABOUT_RETURN_TYPE = YES_ERROR;
				GCC_WARN_UNDECLARED_SELECTOR = YES;
				GCC_WARN_UNINITIALIZED_AUTOS = YES_AGGRESSIVE;
				GCC_WARN_UNUSED_FUNCTION = YES;
				GCC_WARN_UNUSED_VARIABLE = YES;
				IPHONEOS_DEPLOYMENT_TARGET = 8.1;
				MTL_ENABLE_DEBUG_INFO = YES;
				ONLY_ACTIVE_ARCH = YES;
				SDKROOT = iphoneos;
				TARGETED_DEVICE_FAMILY = "1,2";
			};
			name = Debug;
		};
		B002BFD31AA5C250003D1CD3 /* Release */ = {
			isa = XCBuildConfiguration;
			buildSettings = {
				ALWAYS_SEARCH_USER_PATHS = NO;
				CLANG_CXX_LANGUAGE_STANDARD = "gnu++0x";
				CLANG_CXX_LIBRARY = "libc++";
				CLANG_ENABLE_MODULES = YES;
				CLANG_ENABLE_OBJC_ARC = YES;
				CLANG_WARN_BOOL_CONVERSION = YES;
				CLANG_WARN_CONSTANT_CONVERSION = YES;
				CLANG_WARN_DIRECT_OBJC_ISA_USAGE = YES_ERROR;
				CLANG_WARN_EMPTY_BODY = YES;
				CLANG_WARN_ENUM_CONVERSION = YES;
				CLANG_WARN_INT_CONVERSION = YES;
				CLANG_WARN_OBJC_ROOT_CLASS = YES_ERROR;
				CLANG_WARN_UNREACHABLE_CODE = YES;
				CLANG_WARN__DUPLICATE_METHOD_MATCH = YES;
				"CODE_SIGN_IDENTITY[sdk=iphoneos*]" = "iPhone Developer";
				COPY_PHASE_STRIP = YES;
				ENABLE_BITCODE = NO;
				ENABLE_NS_ASSERTIONS = NO;
				ENABLE_STRICT_OBJC_MSGSEND = YES;
				GCC_C_LANGUAGE_STANDARD = gnu99;
				GCC_WARN_64_TO_32_BIT_CONVERSION = YES;
				GCC_WARN_ABOUT_RETURN_TYPE = YES_ERROR;
				GCC_WARN_UNDECLARED_SELECTOR = YES;
				GCC_WARN_UNINITIALIZED_AUTOS = YES_AGGRESSIVE;
				GCC_WARN_UNUSED_FUNCTION = YES;
				GCC_WARN_UNUSED_VARIABLE = YES;
				IPHONEOS_DEPLOYMENT_TARGET = 8.1;
				MTL_ENABLE_DEBUG_INFO = NO;
				SDKROOT = iphoneos;
				TARGETED_DEVICE_FAMILY = "1,2";
				VALIDATE_PRODUCT = YES;
			};
			name = Release;
		};
		B002BFD51AA5C250003D1CD3 /* Debug */ = {
			isa = XCBuildConfiguration;
			buildSettings = {
				ASSETCATALOG_COMPILER_APPICON_NAME = AppIcon;
				ASSETCATALOG_COMPILER_LAUNCHIMAGE_NAME = LaunchImage;
				FRAMEWORK_SEARCH_PATHS = (
					"$(inherited)",
					"$(PROJECT_DIR)/adlibrTestUniversal",
				);
				INFOPLIST_FILE = adlibrTestUniversal/Info.plist;
				IPHONEOS_DEPLOYMENT_TARGET = 6.1;
				LD_RUNPATH_SEARCH_PATHS = "$(inherited) @executable_path/Frameworks";
				LIBRARY_SEARCH_PATHS = "$(inherited)";
				OTHER_LDFLAGS = "-ObjC";
				PRODUCT_BUNDLE_IDENTIFIER = "com.adlibr.$(PRODUCT_NAME:rfc1034identifier)";
				PRODUCT_NAME = "$(TARGET_NAME)";
			};
			name = Debug;
		};
		B002BFD61AA5C250003D1CD3 /* Release */ = {
			isa = XCBuildConfiguration;
			buildSettings = {
				ASSETCATALOG_COMPILER_APPICON_NAME = AppIcon;
				ASSETCATALOG_COMPILER_LAUNCHIMAGE_NAME = LaunchImage;
				FRAMEWORK_SEARCH_PATHS = (
					"$(inherited)",
					"$(PROJECT_DIR)/adlibrTestUniversal",
				);
				INFOPLIST_FILE = adlibrTestUniversal/Info.plist;
				IPHONEOS_DEPLOYMENT_TARGET = 6.1;
				LD_RUNPATH_SEARCH_PATHS = "$(inherited) @executable_path/Frameworks";
				LIBRARY_SEARCH_PATHS = "$(inherited)";
				OTHER_LDFLAGS = "-ObjC";
				PRODUCT_BUNDLE_IDENTIFIER = "com.adlibr.$(PRODUCT_NAME:rfc1034identifier)";
				PRODUCT_NAME = "$(TARGET_NAME)";
			};
			name = Release;
		};
/* End XCBuildConfiguration section */

/* Begin XCConfigurationList section */
		B002BFAC1AA5C250003D1CD3 /* Build configuration list for PBXProject "adlibrTestUniversal" */ = {
			isa = XCConfigurationList;
			buildConfigurations = (
				B002BFD21AA5C250003D1CD3 /* Debug */,
				B002BFD31AA5C250003D1CD3 /* Release */,
			);
			defaultConfigurationIsVisible = 0;
			defaultConfigurationName = Release;
		};
		B002BFD41AA5C250003D1CD3 /* Build configuration list for PBXNativeTarget "adlibrTestUniversal" */ = {
			isa = XCConfigurationList;
			buildConfigurations = (
				B002BFD51AA5C250003D1CD3 /* Debug */,
				B002BFD61AA5C250003D1CD3 /* Release */,
			);
			defaultConfigurationIsVisible = 0;
			defaultConfigurationName = Release;
		};
/* End XCConfigurationList section */
	};
	rootObject = B002BFA91AA5C250003D1CD3 /* Project object */;
}
