// !$*UTF8*$!
{
	archiveVersion = 1;
	classes = {
	};
	objectVersion = 46;
	objects = {

/* Begin PBXBuildFile section */
		33026FF718599A7600530C5D /* SubAdlibAdViewUPlusAD.m in Sources */ = {isa = PBXBuildFile; fileRef = 33026FF618599A7600530C5D /* SubAdlibAdViewUPlusAD.m */; };
		3351F16619C1ADBF002D086B /* SubAdlibAdViewMedibaAd.m in Sources */ = {isa = PBXBuildFile; fileRef = 3351F16519C1ADBF002D086B /* SubAdlibAdViewMedibaAd.m */; };
		3363D7EE1840A7B60008BB55 /* SubAdlibAdViewAdHub.m in Sources */ = {isa = PBXBuildFile; fileRef = 3363D7ED1840A7B60008BB55 /* SubAdlibAdViewAdHub.m */; };
		337C2E6B18293AD900D9103F /* QuartzCore.framework in Frameworks */ = {isa = PBXBuildFile; fileRef = 337C2E6A18293AD900D9103F /* QuartzCore.framework */; };
		337C2E6D18293AE500D9103F /* AdSupport.framework in Frameworks */ = {isa = PBXBuildFile; fileRef = 337C2E6C18293AE500D9103F /* AdSupport.framework */; settings = {ATTRIBUTES = (Weak, ); }; };
		337C2E6F18293AEE00D9103F /* CoreTelephony.framework in Frameworks */ = {isa = PBXBuildFile; fileRef = 337C2E6E18293AEE00D9103F /* CoreTelephony.framework */; };
		337C2E7118293AF700D9103F /* CoreLocation.framework in Frameworks */ = {isa = PBXBuildFile; fileRef = 337C2E7018293AF700D9103F /* CoreLocation.framework */; };
		337C2E7318293B0B00D9103F /* libz.1.2.5.dylib in Frameworks */ = {isa = PBXBuildFile; fileRef = 337C2E7218293B0B00D9103F /* libz.1.2.5.dylib */; };
		337C2E7518293B1B00D9103F /* SystemConfiguration.framework in Frameworks */ = {isa = PBXBuildFile; fileRef = 337C2E7418293B1B00D9103F /* SystemConfiguration.framework */; };
		337C2E7918293F4200D9103F /* iAd.framework in Frameworks */ = {isa = PBXBuildFile; fileRef = 337C2E7818293F4200D9103F /* iAd.framework */; };
		3389824617994B9600EB4E7C /* SubAdlibAdViewMMedia.m in Sources */ = {isa = PBXBuildFile; fileRef = 3389824517994B9600EB4E7C /* SubAdlibAdViewMMedia.m */; };
		33EAC38517D480D5008CCD75 /* SubAdlibAdViewDomob.m in Sources */ = {isa = PBXBuildFile; fileRef = 33EAC38417D480D5008CCD75 /* SubAdlibAdViewDomob.m */; };
		495E6DCF15AD396400B7BA4C /* UIKit.framework in Frameworks */ = {isa = PBXBuildFile; fileRef = 495E6DCE15AD396400B7BA4C /* UIKit.framework */; };
		495E6DD115AD396400B7BA4C /* Foundation.framework in Frameworks */ = {isa = PBXBuildFile; fileRef = 495E6DD015AD396400B7BA4C /* Foundation.framework */; };
		495E6DD315AD396400B7BA4C /* CoreGraphics.framework in Frameworks */ = {isa = PBXBuildFile; fileRef = 495E6DD215AD396400B7BA4C /* CoreGraphics.framework */; };
		495E6DD915AD396400B7BA4C /* InfoPlist.strings in Resources */ = {isa = PBXBuildFile; fileRef = 495E6DD715AD396400B7BA4C /* InfoPlist.strings */; };
		495E6DDB15AD396400B7BA4C /* main.m in Sources */ = {isa = PBXBuildFile; fileRef = 495E6DDA15AD396400B7BA4C /* main.m */; };
		495E6DDF15AD396400B7BA4C /* AppDelegate.m in Sources */ = {isa = PBXBuildFile; fileRef = 495E6DDE15AD396400B7BA4C /* AppDelegate.m */; };
		495E6DE215AD396400B7BA4C /* ViewController.m in Sources */ = {isa = PBXBuildFile; fileRef = 495E6DE115AD396400B7BA4C /* ViewController.m */; };
		495E6DE515AD396400B7BA4C /* ViewController_iPhone.xib in Resources */ = {isa = PBXBuildFile; fileRef = 495E6DE315AD396400B7BA4C /* ViewController_iPhone.xib */; };
		495E6DE815AD396400B7BA4C /* ViewController_iPad.xib in Resources */ = {isa = PBXBuildFile; fileRef = 495E6DE615AD396400B7BA4C /* ViewController_iPad.xib */; };
		7D377E821A2C5506004A7DA0 /* Adlib.framework in Frameworks */ = {isa = PBXBuildFile; fileRef = 7D377E811A2C5506004A7DA0 /* Adlib.framework */; };
		FC43BDC715F9ABAC00F3CD86 /* SubAdlibAdViewAdam.m in Sources */ = {isa = PBXBuildFile; fileRef = 49A84C0015E53DBE00ED4797 /* SubAdlibAdViewAdam.m */; };
		FC43BDC915F9ABAC00F3CD86 /* SubAdlibAdViewAdmob.m in Sources */ = {isa = PBXBuildFile; fileRef = 49A84C0415E53DBE00ED4797 /* SubAdlibAdViewAdmob.m */; };
		FC43BDCA15F9ABAC00F3CD86 /* SubAdlibAdViewCauly.m in Sources */ = {isa = PBXBuildFile; fileRef = 49A84C0615E53DBE00ED4797 /* SubAdlibAdViewCauly.m */; };
		FC43BDCB15F9ABAC00F3CD86 /* SubAdlibAdViewiAd.m in Sources */ = {isa = PBXBuildFile; fileRef = 49A84C0815E53DBE00ED4797 /* SubAdlibAdViewiAd.m */; };
		FC43BDCC15F9ABAC00F3CD86 /* SubAdlibAdViewInmobi.m in Sources */ = {isa = PBXBuildFile; fileRef = 49A84C0A15E53DBE00ED4797 /* SubAdlibAdViewInmobi.m */; };
		FC43BDCD15F9ABAC00F3CD86 /* SubAdlibAdViewNaverAdPost.m in Sources */ = {isa = PBXBuildFile; fileRef = 49A84C0C15E53DBE00ED4797 /* SubAdlibAdViewNaverAdPost.m */; };
		FC43BDCE15F9ABAC00F3CD86 /* SubAdlibAdViewShallWeAd.m in Sources */ = {isa = PBXBuildFile; fileRef = 49A84C0E15E53DBE00ED4797 /* SubAdlibAdViewShallWeAd.m */; };
		FC43BDCF15F9ABAC00F3CD86 /* SubAdlibAdViewTAD.m in Sources */ = {isa = PBXBuildFile; fileRef = 49A84C1015E53DBE00ED4797 /* SubAdlibAdViewTAD.m */; };
		FC830942160DD62A00E0DF21 /* Default-568h@2x.png in Resources */ = {isa = PBXBuildFile; fileRef = FC830941160DD62A00E0DF21 /* Default-568h@2x.png */; };
/* End PBXBuildFile section */

/* Begin PBXFileReference section */
		33026FF518599A7600530C5D /* SubAdlibAdViewUPlusAD.h */ = {isa = PBXFileReference; fileEncoding = 4; lastKnownFileType = sourcecode.c.h; path = SubAdlibAdViewUPlusAD.h; sourceTree = "<group>"; };
		33026FF618599A7600530C5D /* SubAdlibAdViewUPlusAD.m */ = {isa = PBXFileReference; fileEncoding = 4; lastKnownFileType = sourcecode.c.objc; path = SubAdlibAdViewUPlusAD.m; sourceTree = "<group>"; };
		3351F16419C1ADBF002D086B /* SubAdlibAdViewMedibaAd.h */ = {isa = PBXFileReference; fileEncoding = 4; lastKnownFileType = sourcecode.c.h; path = SubAdlibAdViewMedibaAd.h; sourceTree = "<group>"; };
		3351F16519C1ADBF002D086B /* SubAdlibAdViewMedibaAd.m */ = {isa = PBXFileReference; fileEncoding = 4; lastKnownFileType = sourcecode.c.objc; path = SubAdlibAdViewMedibaAd.m; sourceTree = "<group>"; };
		3363D7EC1840A7B60008BB55 /* SubAdlibAdViewAdHub.h */ = {isa = PBXFileReference; fileEncoding = 4; lastKnownFileType = sourcecode.c.h; path = SubAdlibAdViewAdHub.h; sourceTree = "<group>"; };
		3363D7ED1840A7B60008BB55 /* SubAdlibAdViewAdHub.m */ = {isa = PBXFileReference; fileEncoding = 4; lastKnownFileType = sourcecode.c.objc; path = SubAdlibAdViewAdHub.m; sourceTree = "<group>"; };
		337C2E6818293A7100D9103F /* PassKit.framework */ = {isa = PBXFileReference; lastKnownFileType = wrapper.framework; name = PassKit.framework; path = System/Library/Frameworks/PassKit.framework; sourceTree = SDKROOT; };
		337C2E6A18293AD900D9103F /* QuartzCore.framework */ = {isa = PBXFileReference; lastKnownFileType = wrapper.framework; name = QuartzCore.framework; path = System/Library/Frameworks/QuartzCore.framework; sourceTree = SDKROOT; };
		337C2E6C18293AE500D9103F /* AdSupport.framework */ = {isa = PBXFileReference; lastKnownFileType = wrapper.framework; name = AdSupport.framework; path = System/Library/Frameworks/AdSupport.framework; sourceTree = SDKROOT; };
		337C2E6E18293AEE00D9103F /* CoreTelephony.framework */ = {isa = PBXFileReference; lastKnownFileType = wrapper.framework; name = CoreTelephony.framework; path = System/Library/Frameworks/CoreTelephony.framework; sourceTree = SDKROOT; };
		337C2E7018293AF700D9103F /* CoreLocation.framework */ = {isa = PBXFileReference; lastKnownFileType = wrapper.framework; name = CoreLocation.framework; path = System/Library/Frameworks/CoreLocation.framework; sourceTree = SDKROOT; };
		337C2E7218293B0B00D9103F /* libz.1.2.5.dylib */ = {isa = PBXFileReference; lastKnownFileType = "compiled.mach-o.dylib"; name = libz.1.2.5.dylib; path = usr/lib/libz.1.2.5.dylib; sourceTree = SDKROOT; };
		337C2E7418293B1B00D9103F /* SystemConfiguration.framework */ = {isa = PBXFileReference; lastKnownFileType = wrapper.framework; name = SystemConfiguration.framework; path = System/Library/Frameworks/SystemConfiguration.framework; sourceTree = SDKROOT; };
		337C2E7818293F4200D9103F /* iAd.framework */ = {isa = PBXFileReference; lastKnownFileType = wrapper.framework; name = iAd.framework; path = System/Library/Frameworks/iAd.framework; sourceTree = SDKROOT; };
		3389824417994B9600EB4E7C /* SubAdlibAdViewMMedia.h */ = {isa = PBXFileReference; fileEncoding = 4; lastKnownFileType = sourcecode.c.h; path = SubAdlibAdViewMMedia.h; sourceTree = "<group>"; };
		3389824517994B9600EB4E7C /* SubAdlibAdViewMMedia.m */ = {isa = PBXFileReference; fileEncoding = 4; lastKnownFileType = sourcecode.c.objc; path = SubAdlibAdViewMMedia.m; sourceTree = "<group>"; };
		33EAC38317D480D5008CCD75 /* SubAdlibAdViewDomob.h */ = {isa = PBXFileReference; fileEncoding = 4; lastKnownFileType = sourcecode.c.h; path = SubAdlibAdViewDomob.h; sourceTree = "<group>"; };
		33EAC38417D480D5008CCD75 /* SubAdlibAdViewDomob.m */ = {isa = PBXFileReference; fileEncoding = 4; lastKnownFileType = sourcecode.c.objc; path = SubAdlibAdViewDomob.m; sourceTree = "<group>"; };
		495E6DCA15AD396400B7BA4C /* adlibrTestUniversal.app */ = {isa = PBXFileReference; explicitFileType = wrapper.application; includeInIndex = 0; path = adlibrTestUniversal.app; sourceTree = BUILT_PRODUCTS_DIR; };
		495E6DCE15AD396400B7BA4C /* UIKit.framework */ = {isa = PBXFileReference; lastKnownFileType = wrapper.framework; name = UIKit.framework; path = System/Library/Frameworks/UIKit.framework; sourceTree = SDKROOT; };
		495E6DD015AD396400B7BA4C /* Foundation.framework */ = {isa = PBXFileReference; lastKnownFileType = wrapper.framework; name = Foundation.framework; path = System/Library/Frameworks/Foundation.framework; sourceTree = SDKROOT; };
		495E6DD215AD396400B7BA4C /* CoreGraphics.framework */ = {isa = PBXFileReference; lastKnownFileType = wrapper.framework; name = CoreGraphics.framework; path = System/Library/Frameworks/CoreGraphics.framework; sourceTree = SDKROOT; };
		495E6DD615AD396400B7BA4C /* adlibrTestUniversal-Info.plist */ = {isa = PBXFileReference; lastKnownFileType = text.plist.xml; path = "adlibrTestUniversal-Info.plist"; sourceTree = "<group>"; };
		495E6DD815AD396400B7BA4C /* en */ = {isa = PBXFileReference; lastKnownFileType = text.plist.strings; name = en; path = en.lproj/InfoPlist.strings; sourceTree = "<group>"; };
		495E6DDA15AD396400B7BA4C /* main.m */ = {isa = PBXFileReference; lastKnownFileType = sourcecode.c.objc; path = main.m; sourceTree = "<group>"; };
		495E6DDC15AD396400B7BA4C /* adlibrTestUniversal-Prefix.pch */ = {isa = PBXFileReference; lastKnownFileType = sourcecode.c.h; path = "adlibrTestUniversal-Prefix.pch"; sourceTree = "<group>"; };
		495E6DDD15AD396400B7BA4C /* AppDelegate.h */ = {isa = PBXFileReference; lastKnownFileType = sourcecode.c.h; path = AppDelegate.h; sourceTree = "<group>"; };
		495E6DDE15AD396400B7BA4C /* AppDelegate.m */ = {isa = PBXFileReference; lastKnownFileType = sourcecode.c.objc; path = AppDelegate.m; sourceTree = "<group>"; };
		495E6DE015AD396400B7BA4C /* ViewController.h */ = {isa = PBXFileReference; lastKnownFileType = sourcecode.c.h; path = ViewController.h; sourceTree = "<group>"; };
		495E6DE115AD396400B7BA4C /* ViewController.m */ = {isa = PBXFileReference; lastKnownFileType = sourcecode.c.objc; path = ViewController.m; sourceTree = "<group>"; };
		495E6DE415AD396400B7BA4C /* en */ = {isa = PBXFileReference; lastKnownFileType = file.xib; name = en; path = en.lproj/ViewController_iPhone.xib; sourceTree = "<group>"; };
		495E6DE715AD396400B7BA4C /* en */ = {isa = PBXFileReference; lastKnownFileType = file.xib; name = en; path = en.lproj/ViewController_iPad.xib; sourceTree = "<group>"; };
		49A84BFF15E53DBE00ED4797 /* SubAdlibAdViewAdam.h */ = {isa = PBXFileReference; lastKnownFileType = sourcecode.c.h; path = SubAdlibAdViewAdam.h; sourceTree = "<group>"; };
		49A84C0015E53DBE00ED4797 /* SubAdlibAdViewAdam.m */ = {isa = PBXFileReference; lastKnownFileType = sourcecode.c.objc; path = SubAdlibAdViewAdam.m; sourceTree = "<group>"; };
		49A84C0315E53DBE00ED4797 /* SubAdlibAdViewAdmob.h */ = {isa = PBXFileReference; lastKnownFileType = sourcecode.c.h; path = SubAdlibAdViewAdmob.h; sourceTree = "<group>"; };
		49A84C0415E53DBE00ED4797 /* SubAdlibAdViewAdmob.m */ = {isa = PBXFileReference; lastKnownFileType = sourcecode.c.objc; path = SubAdlibAdViewAdmob.m; sourceTree = "<group>"; };
		49A84C0515E53DBE00ED4797 /* SubAdlibAdViewCauly.h */ = {isa = PBXFileReference; lastKnownFileType = sourcecode.c.h; path = SubAdlibAdViewCauly.h; sourceTree = "<group>"; };
		49A84C0615E53DBE00ED4797 /* SubAdlibAdViewCauly.m */ = {isa = PBXFileReference; lastKnownFileType = sourcecode.c.objc; path = SubAdlibAdViewCauly.m; sourceTree = "<group>"; };
		49A84C0715E53DBE00ED4797 /* SubAdlibAdViewiAd.h */ = {isa = PBXFileReference; lastKnownFileType = sourcecode.c.h; path = SubAdlibAdViewiAd.h; sourceTree = "<group>"; };
		49A84C0815E53DBE00ED4797 /* SubAdlibAdViewiAd.m */ = {isa = PBXFileReference; lastKnownFileType = sourcecode.c.objc; path = SubAdlibAdViewiAd.m; sourceTree = "<group>"; };
		49A84C0915E53DBE00ED4797 /* SubAdlibAdViewInmobi.h */ = {isa = PBXFileReference; lastKnownFileType = sourcecode.c.h; path = SubAdlibAdViewInmobi.h; sourceTree = "<group>"; };
		49A84C0A15E53DBE00ED4797 /* SubAdlibAdViewInmobi.m */ = {isa = PBXFileReference; lastKnownFileType = sourcecode.c.objc; path = SubAdlibAdViewInmobi.m; sourceTree = "<group>"; };
		49A84C0B15E53DBE00ED4797 /* SubAdlibAdViewNaverAdPost.h */ = {isa = PBXFileReference; lastKnownFileType = sourcecode.c.h; path = SubAdlibAdViewNaverAdPost.h; sourceTree = "<group>"; };
		49A84C0C15E53DBE00ED4797 /* SubAdlibAdViewNaverAdPost.m */ = {isa = PBXFileReference; lastKnownFileType = sourcecode.c.objc; path = SubAdlibAdViewNaverAdPost.m; sourceTree = "<group>"; };
		49A84C0D15E53DBE00ED4797 /* SubAdlibAdViewShallWeAd.h */ = {isa = PBXFileReference; lastKnownFileType = sourcecode.c.h; path = SubAdlibAdViewShallWeAd.h; sourceTree = "<group>"; };
		49A84C0E15E53DBE00ED4797 /* SubAdlibAdViewShallWeAd.m */ = {isa = PBXFileReference; lastKnownFileType = sourcecode.c.objc; path = SubAdlibAdViewShallWeAd.m; sourceTree = "<group>"; };
		49A84C0F15E53DBE00ED4797 /* SubAdlibAdViewTAD.h */ = {isa = PBXFileReference; lastKnownFileType = sourcecode.c.h; path = SubAdlibAdViewTAD.h; sourceTree = "<group>"; };
		49A84C1015E53DBE00ED4797 /* SubAdlibAdViewTAD.m */ = {isa = PBXFileReference; lastKnownFileType = sourcecode.c.objc; path = SubAdlibAdViewTAD.m; sourceTree = "<group>"; };
		7D377E811A2C5506004A7DA0 /* Adlib.framework */ = {isa = PBXFileReference; lastKnownFileType = wrapper.framework; path = Adlib.framework; sourceTree = "<group>"; };
		FC830941160DD62A00E0DF21 /* Default-568h@2x.png */ = {isa = PBXFileReference; lastKnownFileType = image.png; path = "Default-568h@2x.png"; sourceTree = "<group>"; };
/* End PBXFileReference section */

/* Begin PBXFrameworksBuildPhase section */
		495E6DC715AD396400B7BA4C /* Frameworks */ = {
			isa = PBXFrameworksBuildPhase;
			buildActionMask = 2147483647;
			files = (
				7D377E821A2C5506004A7DA0 /* Adlib.framework in Frameworks */,
				337C2E7918293F4200D9103F /* iAd.framework in Frameworks */,
				337C2E7518293B1B00D9103F /* SystemConfiguration.framework in Frameworks */,
				337C2E7318293B0B00D9103F /* libz.1.2.5.dylib in Frameworks */,
				337C2E7118293AF700D9103F /* CoreLocation.framework in Frameworks */,
				337C2E6F18293AEE00D9103F /* CoreTelephony.framework in Frameworks */,
				337C2E6D18293AE500D9103F /* AdSupport.framework in Frameworks */,
				337C2E6B18293AD900D9103F /* QuartzCore.framework in Frameworks */,
				495E6DCF15AD396400B7BA4C /* UIKit.framework in Frameworks */,
				495E6DD115AD396400B7BA4C /* Foundation.framework in Frameworks */,
				495E6DD315AD396400B7BA4C /* CoreGraphics.framework in Frameworks */,
			);
			runOnlyForDeploymentPostprocessing = 0;
		};
/* End PBXFrameworksBuildPhase section */

/* Begin PBXGroup section */
		33E6BC6E16E5E6C80065BC1D /* ads_platform */ = {
			isa = PBXGroup;
			children = (
			);
			path = ads_platform;
			sourceTree = "<group>";
		};
		495E6DBF15AD396400B7BA4C = {
			isa = PBXGroup;
			children = (
				FC830941160DD62A00E0DF21 /* Default-568h@2x.png */,
				495E6DD415AD396400B7BA4C /* adlibrTestUniversal */,
				495E6DCD15AD396400B7BA4C /* Frameworks */,
				495E6DCB15AD396400B7BA4C /* Products */,
			);
			sourceTree = "<group>";
		};
		495E6DCB15AD396400B7BA4C /* Products */ = {
			isa = PBXGroup;
			children = (
				495E6DCA15AD396400B7BA4C /* adlibrTestUniversal.app */,
			);
			name = Products;
			sourceTree = "<group>";
		};
		495E6DCD15AD396400B7BA4C /* Frameworks */ = {
			isa = PBXGroup;
			children = (
				7D377E811A2C5506004A7DA0 /* Adlib.framework */,
				337C2E7818293F4200D9103F /* iAd.framework */,
				337C2E7418293B1B00D9103F /* SystemConfiguration.framework */,
				337C2E7218293B0B00D9103F /* libz.1.2.5.dylib */,
				337C2E7018293AF700D9103F /* CoreLocation.framework */,
				337C2E6E18293AEE00D9103F /* CoreTelephony.framework */,
				337C2E6C18293AE500D9103F /* AdSupport.framework */,
				337C2E6A18293AD900D9103F /* QuartzCore.framework */,
				337C2E6818293A7100D9103F /* PassKit.framework */,
				495E6DCE15AD396400B7BA4C /* UIKit.framework */,
				495E6DD015AD396400B7BA4C /* Foundation.framework */,
				495E6DD215AD396400B7BA4C /* CoreGraphics.framework */,
			);
			name = Frameworks;
			sourceTree = "<group>";
		};
		495E6DD415AD396400B7BA4C /* adlibrTestUniversal */ = {
			isa = PBXGroup;
			children = (
				495E6DEE15AD39FA00B7BA4C /* ads */,
				495E6DDD15AD396400B7BA4C /* AppDelegate.h */,
				495E6DDE15AD396400B7BA4C /* AppDelegate.m */,
				495E6DE015AD396400B7BA4C /* ViewController.h */,
				495E6DE115AD396400B7BA4C /* ViewController.m */,
				495E6DE315AD396400B7BA4C /* ViewController_iPhone.xib */,
				495E6DE615AD396400B7BA4C /* ViewController_iPad.xib */,
				495E6DD515AD396400B7BA4C /* Supporting Files */,
			);
			path = adlibrTestUniversal;
			sourceTree = "<group>";
		};
		495E6DD515AD396400B7BA4C /* Supporting Files */ = {
			isa = PBXGroup;
			children = (
				495E6DD615AD396400B7BA4C /* adlibrTestUniversal-Info.plist */,
				495E6DD715AD396400B7BA4C /* InfoPlist.strings */,
				495E6DDA15AD396400B7BA4C /* main.m */,
				495E6DDC15AD396400B7BA4C /* adlibrTestUniversal-Prefix.pch */,
			);
			name = "Supporting Files";
			sourceTree = "<group>";
		};
		495E6DEE15AD39FA00B7BA4C /* ads */ = {
			isa = PBXGroup;
			children = (
				495E6DF515AD39FA00B7BA4C /* adlib.mocoplex */,
				33E6BC6E16E5E6C80065BC1D /* ads_platform */,
			);
			path = ads;
			sourceTree = "<group>";
		};
		495E6DF515AD39FA00B7BA4C /* adlib.mocoplex */ = {
			isa = PBXGroup;
			children = (
				495E6DF915AD39FA00B7BA4C /* SubAdView */,
			);
			path = adlib.mocoplex;
			sourceTree = "<group>";
		};
		495E6DF915AD39FA00B7BA4C /* SubAdView */ = {
			isa = PBXGroup;
			children = (
				49A84BFF15E53DBE00ED4797 /* SubAdlibAdViewAdam.h */,
				49A84C0015E53DBE00ED4797 /* SubAdlibAdViewAdam.m */,
				3363D7EC1840A7B60008BB55 /* SubAdlibAdViewAdHub.h */,
				3363D7ED1840A7B60008BB55 /* SubAdlibAdViewAdHub.m */,
				49A84C0315E53DBE00ED4797 /* SubAdlibAdViewAdmob.h */,
				49A84C0415E53DBE00ED4797 /* SubAdlibAdViewAdmob.m */,
				49A84C0515E53DBE00ED4797 /* SubAdlibAdViewCauly.h */,
				49A84C0615E53DBE00ED4797 /* SubAdlibAdViewCauly.m */,
				33EAC38317D480D5008CCD75 /* SubAdlibAdViewDomob.h */,
				33EAC38417D480D5008CCD75 /* SubAdlibAdViewDomob.m */,
				49A84C0715E53DBE00ED4797 /* SubAdlibAdViewiAd.h */,
				49A84C0815E53DBE00ED4797 /* SubAdlibAdViewiAd.m */,
				49A84C0915E53DBE00ED4797 /* SubAdlibAdViewInmobi.h */,
				49A84C0A15E53DBE00ED4797 /* SubAdlibAdViewInmobi.m */,
				3351F16419C1ADBF002D086B /* SubAdlibAdViewMedibaAd.h */,
				3351F16519C1ADBF002D086B /* SubAdlibAdViewMedibaAd.m */,
				3389824417994B9600EB4E7C /* SubAdlibAdViewMMedia.h */,
				3389824517994B9600EB4E7C /* SubAdlibAdViewMMedia.m */,
				49A84C0B15E53DBE00ED4797 /* SubAdlibAdViewNaverAdPost.h */,
				49A84C0C15E53DBE00ED4797 /* SubAdlibAdViewNaverAdPost.m */,
				49A84C0D15E53DBE00ED4797 /* SubAdlibAdViewShallWeAd.h */,
				49A84C0E15E53DBE00ED4797 /* SubAdlibAdViewShallWeAd.m */,
				49A84C0F15E53DBE00ED4797 /* SubAdlibAdViewTAD.h */,
				49A84C1015E53DBE00ED4797 /* SubAdlibAdViewTAD.m */,
				33026FF518599A7600530C5D /* SubAdlibAdViewUPlusAD.h */,
				33026FF618599A7600530C5D /* SubAdlibAdViewUPlusAD.m */,
			);
			path = SubAdView;
			sourceTree = "<group>";
		};
/* End PBXGroup section */

/* Begin PBXNativeTarget section */
		495E6DC915AD396400B7BA4C /* adlibrTestUniversal */ = {
			isa = PBXNativeTarget;
			buildConfigurationList = 495E6DEB15AD396400B7BA4C /* Build configuration list for PBXNativeTarget "adlibrTestUniversal" */;
			buildPhases = (
				495E6DC615AD396400B7BA4C /* Sources */,
				495E6DC715AD396400B7BA4C /* Frameworks */,
				495E6DC815AD396400B7BA4C /* Resources */,
			);
			buildRules = (
			);
			dependencies = (
			);
			name = adlibrTestUniversal;
			productName = adlibrTestUniversal;
			productReference = 495E6DCA15AD396400B7BA4C /* adlibrTestUniversal.app */;
			productType = "com.apple.product-type.application";
		};
/* End PBXNativeTarget section */

/* Begin PBXProject section */
		495E6DC115AD396400B7BA4C /* Project object */ = {
			isa = PBXProject;
			attributes = {
				LastUpgradeCheck = 0420;
			};
			buildConfigurationList = 495E6DC415AD396400B7BA4C /* Build configuration list for PBXProject "adlibrTestUniversal" */;
			compatibilityVersion = "Xcode 3.2";
			developmentRegion = English;
			hasScannedForEncodings = 0;
			knownRegions = (
				en,
			);
			mainGroup = 495E6DBF15AD396400B7BA4C;
			productRefGroup = 495E6DCB15AD396400B7BA4C /* Products */;
			projectDirPath = "";
			projectRoot = "";
			targets = (
				495E6DC915AD396400B7BA4C /* adlibrTestUniversal */,
			);
		};
/* End PBXProject section */

/* Begin PBXResourcesBuildPhase section */
		495E6DC815AD396400B7BA4C /* Resources */ = {
			isa = PBXResourcesBuildPhase;
			buildActionMask = 2147483647;
			files = (
				495E6DD915AD396400B7BA4C /* InfoPlist.strings in Resources */,
				495E6DE515AD396400B7BA4C /* ViewController_iPhone.xib in Resources */,
				495E6DE815AD396400B7BA4C /* ViewController_iPad.xib in Resources */,
				FC830942160DD62A00E0DF21 /* Default-568h@2x.png in Resources */,
			);
			runOnlyForDeploymentPostprocessing = 0;
		};
/* End PBXResourcesBuildPhase section */

/* Begin PBXSourcesBuildPhase section */
		495E6DC615AD396400B7BA4C /* Sources */ = {
			isa = PBXSourcesBuildPhase;
			buildActionMask = 2147483647;
			files = (
				3351F16619C1ADBF002D086B /* SubAdlibAdViewMedibaAd.m in Sources */,
				FC43BDC715F9ABAC00F3CD86 /* SubAdlibAdViewAdam.m in Sources */,
				FC43BDC915F9ABAC00F3CD86 /* SubAdlibAdViewAdmob.m in Sources */,
				FC43BDCA15F9ABAC00F3CD86 /* SubAdlibAdViewCauly.m in Sources */,
				FC43BDCB15F9ABAC00F3CD86 /* SubAdlibAdViewiAd.m in Sources */,
				FC43BDCC15F9ABAC00F3CD86 /* SubAdlibAdViewInmobi.m in Sources */,
				FC43BDCD15F9ABAC00F3CD86 /* SubAdlibAdViewNaverAdPost.m in Sources */,
				FC43BDCE15F9ABAC00F3CD86 /* SubAdlibAdViewShallWeAd.m in Sources */,
				33026FF718599A7600530C5D /* SubAdlibAdViewUPlusAD.m in Sources */,
				FC43BDCF15F9ABAC00F3CD86 /* SubAdlibAdViewTAD.m in Sources */,
				3363D7EE1840A7B60008BB55 /* SubAdlibAdViewAdHub.m in Sources */,
				495E6DDB15AD396400B7BA4C /* main.m in Sources */,
				495E6DDF15AD396400B7BA4C /* AppDelegate.m in Sources */,
				495E6DE215AD396400B7BA4C /* ViewController.m in Sources */,
				3389824617994B9600EB4E7C /* SubAdlibAdViewMMedia.m in Sources */,
				33EAC38517D480D5008CCD75 /* SubAdlibAdViewDomob.m in Sources */,
			);
			runOnlyForDeploymentPostprocessing = 0;
		};
/* End PBXSourcesBuildPhase section */

/* Begin PBXVariantGroup section */
		495E6DD715AD396400B7BA4C /* InfoPlist.strings */ = {
			isa = PBXVariantGroup;
			children = (
				495E6DD815AD396400B7BA4C /* en */,
			);
			name = InfoPlist.strings;
			sourceTree = "<group>";
		};
		495E6DE315AD396400B7BA4C /* ViewController_iPhone.xib */ = {
			isa = PBXVariantGroup;
			children = (
				495E6DE415AD396400B7BA4C /* en */,
			);
			name = ViewController_iPhone.xib;
			sourceTree = "<group>";
		};
		495E6DE615AD396400B7BA4C /* ViewController_iPad.xib */ = {
			isa = PBXVariantGroup;
			children = (
				495E6DE715AD396400B7BA4C /* en */,
			);
			name = ViewController_iPad.xib;
			sourceTree = "<group>";
		};
/* End PBXVariantGroup section */

/* Begin XCBuildConfiguration section */
		495E6DE915AD396400B7BA4C /* Debug */ = {
			isa = XCBuildConfiguration;
			buildSettings = {
				ALWAYS_SEARCH_USER_PATHS = NO;
				ARCHS = "$(ARCHS_STANDARD)";
				"CODE_SIGN_IDENTITY[sdk=iphoneos*]" = "iPhone Developer";
				COPY_PHASE_STRIP = NO;
				GCC_C_LANGUAGE_STANDARD = gnu99;
				GCC_DYNAMIC_NO_PIC = NO;
				GCC_OPTIMIZATION_LEVEL = 0;
				GCC_PREPROCESSOR_DEFINITIONS = (
					"DEBUG=1",
					"$(inherited)",
				);
				GCC_SYMBOLS_PRIVATE_EXTERN = NO;
				GCC_VERSION = com.apple.compilers.llvm.clang.1_0;
				GCC_WARN_ABOUT_MISSING_PROTOTYPES = YES;
				GCC_WARN_ABOUT_RETURN_TYPE = YES;
				GCC_WARN_UNUSED_VARIABLE = YES;
				IPHONEOS_DEPLOYMENT_TARGET = 5.0;
				SDKROOT = iphoneos;
				TARGETED_DEVICE_FAMILY = "1,2";
			};
			name = Debug;
		};
		495E6DEA15AD396400B7BA4C /* Release */ = {
			isa = XCBuildConfiguration;
			buildSettings = {
				ALWAYS_SEARCH_USER_PATHS = NO;
				ARCHS = "$(ARCHS_STANDARD)";
				"CODE_SIGN_IDENTITY[sdk=iphoneos*]" = "iPhone Developer";
				COPY_PHASE_STRIP = YES;
				GCC_C_LANGUAGE_STANDARD = gnu99;
				GCC_VERSION = com.apple.compilers.llvm.clang.1_0;
				GCC_WARN_ABOUT_MISSING_PROTOTYPES = YES;
				GCC_WARN_ABOUT_RETURN_TYPE = YES;
				GCC_WARN_UNUSED_VARIABLE = YES;
				IPHONEOS_DEPLOYMENT_TARGET = 5.0;
				OTHER_CFLAGS = "-DNS_BLOCK_ASSERTIONS=1";
				SDKROOT = iphoneos;
				TARGETED_DEVICE_FAMILY = "1,2";
				VALIDATE_PRODUCT = YES;
			};
			name = Release;
		};
		495E6DEC15AD396400B7BA4C /* Debug */ = {
			isa = XCBuildConfiguration;
			buildSettings = {
				FRAMEWORK_SEARCH_PATHS = (
					"$(inherited)",
					"$(SRCROOT)/adlibrTestUniversal/ads/adlib.mocoplex",
					"$(PROJECT_DIR)/adlibrTestUniversal/ads/ads_platform",
					"$(PROJECT_DIR)",
				);
				GCC_PRECOMPILE_PREFIX_HEADER = YES;
				GCC_PREFIX_HEADER = "adlibrTestUniversal/adlibrTestUniversal-Prefix.pch";
				INFOPLIST_FILE = "adlibrTestUniversal/adlibrTestUniversal-Info.plist";
				LIBRARY_SEARCH_PATHS = (
					"$(inherited)",
					"\\\"$(SRCROOT)/adlibrTestUniversal/ads/adam\\\"",
					"\\\"$(SRCROOT)/adlibrTestUniversal/ads/admob\\\"",
					"\\\"$(SRCROOT)/adlibrTestUniversal/ads/ads_platform/reward_platforms/InMobi\\ iOS\\ SDK\\ Bundle\\\"",
					"\\\"$(SRCROOT)/adlibrTestUniversal/ads/cauly\\\"",
					"\\\"$(SRCROOT)/adlibrTestUniversal/ads/lib\\\"",
					"\\\"$(SRCROOT)/adlibrTestUniversal/ads/t-ad/lib\\\"",
					"\\\"$(SRCROOT)/adlibrTestUniversal/ads/ads_platform/reward_platforms/InMobi\\\"",
					"/Users/hana/adlibr-SDK-ios/adlibrTestUniversal/adlibrTestUniversal/ads/lib",
				);
				OTHER_LDFLAGS = "-all_load";
				PRODUCT_NAME = "$(TARGET_NAME)";
				WRAPPER_EXTENSION = app;
			};
			name = Debug;
		};
		495E6DED15AD396400B7BA4C /* Release */ = {
			isa = XCBuildConfiguration;
			buildSettings = {
				FRAMEWORK_SEARCH_PATHS = (
					"$(inherited)",
					"$(SRCROOT)/adlibrTestUniversal/ads/adlib.mocoplex",
					"$(PROJECT_DIR)/adlibrTestUniversal/ads/ads_platform",
					"$(PROJECT_DIR)",
				);
				GCC_PRECOMPILE_PREFIX_HEADER = YES;
				GCC_PREFIX_HEADER = "adlibrTestUniversal/adlibrTestUniversal-Prefix.pch";
				INFOPLIST_FILE = "adlibrTestUniversal/adlibrTestUniversal-Info.plist";
				LIBRARY_SEARCH_PATHS = (
					"$(inherited)",
					"\\\"$(SRCROOT)/adlibrTestUniversal/ads/adam\\\"",
					"\\\"$(SRCROOT)/adlibrTestUniversal/ads/admob\\\"",
					"\\\"$(SRCROOT)/adlibrTestUniversal/ads/ads_platform/reward_platforms/InMobi\\ iOS\\ SDK\\ Bundle\\\"",
					"\\\"$(SRCROOT)/adlibrTestUniversal/ads/cauly\\\"",
					"\\\"$(SRCROOT)/adlibrTestUniversal/ads/lib\\\"",
					"\\\"$(SRCROOT)/adlibrTestUniversal/ads/t-ad/lib\\\"",
					"\\\"$(SRCROOT)/adlibrTestUniversal/ads/ads_platform/reward_platforms/InMobi\\\"",
					"/Users/hana/adlibr-SDK-ios/adlibrTestUniversal/adlibrTestUniversal/ads/lib",
				);
				OTHER_LDFLAGS = "-all_load";
				PRODUCT_NAME = "$(TARGET_NAME)";
				WRAPPER_EXTENSION = app;
			};
			name = Release;
		};
/* End XCBuildConfiguration section */

/* Begin XCConfigurationList section */
		495E6DC415AD396400B7BA4C /* Build configuration list for PBXProject "adlibrTestUniversal" */ = {
			isa = XCConfigurationList;
			buildConfigurations = (
				495E6DE915AD396400B7BA4C /* Debug */,
				495E6DEA15AD396400B7BA4C /* Release */,
			);
			defaultConfigurationIsVisible = 0;
			defaultConfigurationName = Release;
		};
		495E6DEB15AD396400B7BA4C /* Build configuration list for PBXNativeTarget "adlibrTestUniversal" */ = {
			isa = XCConfigurationList;
			buildConfigurations = (
				495E6DEC15AD396400B7BA4C /* Debug */,
				495E6DED15AD396400B7BA4C /* Release */,
			);
			defaultConfigurationIsVisible = 0;
			defaultConfigurationName = Release;
		};
/* End XCConfigurationList section */
	};
	rootObject = 495E6DC115AD396400B7BA4C /* Project object */;
}
